
Microsoft Visual Studio Solution File, Format Version 12.00
# Visual Studio 2010
Project("{2150E333-8FDC-42A3-9474-1A3956D46DE8}") = "Shared", "Shared", "{B5EDEE8A-69B9-47E5-8455-E1A9A7ED8969}"
	ProjectSection(SolutionItems) = preProject
		Xbim.ModelGeometry\Version.rc = Xbim.ModelGeometry\Version.rc
	EndProjectSection
EndProject
Project("{2150E333-8FDC-42A3-9474-1A3956D46DE8}") = "Samples", "Samples", "{0DA6263B-5A69-401E-99D0-391644EF4709}"
EndProject
Project("{2150E333-8FDC-42A3-9474-1A3956D46DE8}") = "Test", "Test", "{7ECDCF15-95BB-4D2B-8C0D-8615D6E3BAB1}"
	ProjectSection(SolutionItems) = preProject
		Local.testsettings = Local.testsettings
		TraceAndTestImpact.testsettings = TraceAndTestImpact.testsettings
	EndProjectSection
EndProject
Project("{2150E333-8FDC-42A3-9474-1A3956D46DE8}") = "Solution Items", "Solution Items", "{25F1A002-D766-40FD-910C-D3E9DCC6FCBF}"
	ProjectSection(SolutionItems) = preProject
		JSLintOptions.xml = JSLintOptions.xml
		Readme.txt = Readme.txt
		XbimComplete.vsmdi = XbimComplete.vsmdi
	EndProjectSection
EndProject
Project("{2150E333-8FDC-42A3-9474-1A3956D46DE8}") = "Licences", "Licences", "{E9E301F2-FE7D-4410-B88D-F83D684A8E62}"
	ProjectSection(SolutionItems) = preProject
		Licences\CDDL Licence.txt = Licences\CDDL Licence.txt
	EndProjectSection
EndProject
Project("{2150E333-8FDC-42A3-9474-1A3956D46DE8}") = "3rd Party", "3rd Party", "{10A2F674-DB37-41FF-AB71-9D54C8F0A5B6}"
	ProjectSection(SolutionItems) = preProject
		Licences\Apache2_0.txt = Licences\Apache2_0.txt
		Licences\MIT Licence.txt = Licences\MIT Licence.txt
		Licences\MS Permissive Licence.txt = Licences\MS Permissive Licence.txt
		Licences\NewBSD Licence.txt = Licences\NewBSD Licence.txt
		Licences\OPEN CASCADE Public Licence.txt = Licences\OPEN CASCADE Public Licence.txt
	EndProjectSection
EndProject
Project("{8BC9CEB8-8B4A-11D0-8D11-00A0C91BC942}") = "Xbim.ModelGeometry", "Xbim.ModelGeometry\Xbim.ModelGeometry.vcxproj", "{CBCA1EFC-7459-4A0E-A42D-55D4F58051BF}"
EndProject
Project("{FAE04EC0-301F-11D3-BF4B-00C04F79EFBC}") = "Xbim.IO", "Xbim.IO\Xbim.IO.csproj", "{85856DF2-C8AB-4120-8A8D-AE05D2696B51}"
EndProject
Project("{FAE04EC0-301F-11D3-BF4B-00C04F79EFBC}") = "Xbim.Presentation", "Xbim.Presentation\Xbim.Presentation.csproj", "{89F98E53-DE4E-4427-8244-D5934AD08849}"
EndProject
Project("{FAE04EC0-301F-11D3-BF4B-00C04F79EFBC}") = "XbimXplorer", "XbimXplorer\XbimXplorer.csproj", "{D6CED5D7-BE37-4A32-90A5-1444C9FFDD91}"
	ProjectSection(ProjectDependencies) = postProject
		{CBCA1EFC-7459-4A0E-A42D-55D4F58051BF} = {CBCA1EFC-7459-4A0E-A42D-55D4F58051BF}
	EndProjectSection
EndProject
Project("{FAE04EC0-301F-11D3-BF4B-00C04F79EFBC}") = "Xbim.ModelGeometry.Scene", "Xbim.ModelGeometry.Scene\Xbim.ModelGeometry.Scene.csproj", "{3D9D37DE-A254-4433-B172-7590CBD84C69}"
EndProject
Project("{FAE04EC0-301F-11D3-BF4B-00C04F79EFBC}") = "Xbim.DOM", "Xbim.DOM\Xbim.DOM.csproj", "{B0E3E6A5-119C-4EFE-9796-EE131B2E278A}"
EndProject
Project("{FAE04EC0-301F-11D3-BF4B-00C04F79EFBC}") = "Xbim.Common", "Xbim.Common\Xbim.Common.csproj", "{6745F5AC-AF3C-4372-81AA-A75E7B1FA03B}"
EndProject
Project("{FAE04EC0-301F-11D3-BF4B-00C04F79EFBC}") = "Xbim.SceneJSWebViewer", "Xbim.Web.SceneJSWebViewer\Xbim.SceneJSWebViewer.csproj", "{219A127E-82B8-43A1-8959-7102E4724F8F}"
EndProject
Project("{FAE04EC0-301F-11D3-BF4B-00C04F79EFBC}") = "XbimConvert", "XbimConvert\XbimConvert.csproj", "{5B6AC153-AC56-4B01-8734-88EAB805A6DB}"
EndProject
Project("{FAE04EC0-301F-11D3-BF4B-00C04F79EFBC}") = "Xbim.Tests", "Xbim.Tests\Xbim.Tests.csproj", "{8729CDD1-B493-48EC-A867-61ABAF3E93D2}"
EndProject
Project("{FAE04EC0-301F-11D3-BF4B-00C04F79EFBC}") = "XbimRegression", "XbimRegression\XbimRegression.csproj", "{6EF22FB8-7048-4E6A-9B2F-AC2570A998A9}"
EndProject
Project("{FAE04EC0-301F-11D3-BF4B-00C04F79EFBC}") = "Xbim.COBie", "Xbim.COBie\Xbim.COBie.csproj", "{7DA8C61A-ACCA-45CB-B688-93A4982FA44C}"
EndProject
Project("{FAE04EC0-301F-11D3-BF4B-00C04F79EFBC}") = "Xbim.COBie.Client", "XBim.COBie.Client\Xbim.COBie.Client.csproj", "{FB5A1829-7B34-4DE9-94A9-AF3AD36320BB}"
EndProject
Project("{FAE04EC0-301F-11D3-BF4B-00C04F79EFBC}") = "CodeExamples", "CodeExamples\CodeExamples.csproj", "{9FD894A7-6637-4BF0-A0EA-D654CEB0E234}"
EndProject
Project("{FAE04EC0-301F-11D3-BF4B-00C04F79EFBC}") = "COBie.Xbim.Tester", "COBie.Xbim.Tester\COBie.Xbim.Tester.csproj", "{823FEDA5-EEE3-4583-82CE-E51CE88BCF44}"
EndProject
Project("{FAE04EC0-301F-11D3-BF4B-00C04F79EFBC}") = "glMatrix", "glMatrix\glMatrix.csproj", "{4B8F7099-19FA-4510-9698-CCFD89B5D4D2}"
EndProject
Project("{FAE04EC0-301F-11D3-BF4B-00C04F79EFBC}") = "Xbim.Ifc2x3", "Xbim.Ifc2x3\Xbim.Ifc2x3.csproj", "{0255E9D0-1087-49D4-B886-C882CA27DD10}"
EndProject
Project("{FAE04EC0-301F-11D3-BF4B-00C04F79EFBC}") = "Xbim.Ifc2x3.Extensions", "Xbim.Ifc.Extensions\Xbim.Ifc2x3.Extensions.csproj", "{6DF47D23-8F4D-4069-A44B-BBDACD3F9AEA}"
EndProject
Project("{FAE04EC0-301F-11D3-BF4B-00C04F79EFBC}") = "Xbim.Dynamic", "Xbim.Dynamic\Xbim.Dynamic.csproj", "{301257BA-8FD7-49E8-8E47-4615026F633C}"
EndProject
Project("{8BC9CEB8-8B4A-11D0-8D11-00A0C91BC942}") = "Xbim.Shapefile", "Xbim.Shapefile\Xbim.Shapefile.vcxproj", "{E4AFDB26-21DA-4BCC-B7A5-428133A9385F}"
EndProject
Project("{2150E333-8FDC-42A3-9474-1A3956D46DE8}") = "Spatial", "Spatial", "{FF615897-BD10-49C6-9F50-0D0BE7B1E8BE}"
EndProject
Project("{FAE04EC0-301F-11D3-BF4B-00C04F79EFBC}") = "Xbim.Spatial", "Xbim.Spatial\Xbim.Spatial.csproj", "{DE488ADE-EE39-4FAE-957D-AF7200BB9E3B}"
EndProject
Project("{FAE04EC0-301F-11D3-BF4B-00C04F79EFBC}") = "XbimWebSpatial", "XbimWebSpatial\XbimWebSpatial.csproj", "{24E1E95C-C4B3-44FF-AAEC-F9D3A7CC1416}"
EndProject
Global
	GlobalSection(TeamFoundationVersionControl) = preSolution
		SccNumberOfProjects = 23
		SccEnterpriseProvider = {4CA58AB2-18FA-4F8D-95D4-32DDF27D184C}
		SccTeamFoundationServer = https://tfs.codeplex.com/tfs/tfs13
		SccLocalPath0 = .
		SccProjectUniqueName1 = Xbim.IO\\Xbim.IO.csproj
		SccProjectName1 = Xbim.IO
		SccLocalPath1 = Xbim.IO
		SccProjectUniqueName2 = Xbim.ModelGeometry.Scene\\Xbim.ModelGeometry.Scene.csproj
		SccProjectName2 = Xbim.ModelGeometry.Scene
		SccLocalPath2 = Xbim.ModelGeometry.Scene
		SccProjectUniqueName3 = Xbim.ModelGeometry\\Xbim.ModelGeometry.vcxproj
		SccProjectName3 = Xbim.ModelGeometry
		SccLocalPath3 = Xbim.ModelGeometry
		SccProjectUniqueName4 = Xbim.Presentation\\Xbim.Presentation.csproj
		SccProjectName4 = Xbim.Presentation
		SccLocalPath4 = Xbim.Presentation
		SccProjectUniqueName5 = XbimXplorer\\XbimXplorer.csproj
		SccProjectTopLevelParentUniqueName5 = XbimComplete.sln
		SccProjectName5 = XbimXplorer
		SccLocalPath5 = XbimXplorer
		SccProjectUniqueName6 = Xbim.DOM\\Xbim.DOM.csproj
		SccProjectName6 = Xbim.DOM
		SccLocalPath6 = Xbim.DOM
		SccProjectUniqueName7 = Xbim.Common\\Xbim.Common.csproj
		SccProjectName7 = Xbim.Common
		SccLocalPath7 = Xbim.Common
		SccProjectUniqueName8 = Xbim.Web.SceneJSWebViewer\\Xbim.SceneJSWebViewer.csproj
		SccProjectTopLevelParentUniqueName8 = XbimComplete.sln
		SccProjectName8 = Xbim.Web.SceneJSWebViewer
		SccLocalPath8 = Xbim.Web.SceneJSWebViewer
		SccProjectUniqueName9 = XbimConvert\\XbimConvert.csproj
		SccProjectTopLevelParentUniqueName9 = XbimComplete.sln
		SccProjectName9 = XbimConvert
		SccLocalPath9 = XbimConvert
		SccProjectUniqueName10 = Xbim.Tests\\Xbim.Tests.csproj
		SccProjectTopLevelParentUniqueName10 = XbimComplete.sln
		SccProjectName10 = Xbim.Tests
		SccLocalPath10 = Xbim.Tests
		SccProjectUniqueName11 = XbimRegression\\XbimRegression.csproj
		SccProjectTopLevelParentUniqueName11 = XbimComplete.sln
		SccProjectName11 = XbimRegression
		SccLocalPath11 = XbimRegression
		SccProjectUniqueName12 = Xbim.COBie\\Xbim.COBie.csproj
		SccProjectName12 = Xbim.COBie
		SccLocalPath12 = Xbim.COBie
		SccProjectUniqueName13 = XBim.COBie.Client\\Xbim.COBie.Client.csproj
		SccProjectTopLevelParentUniqueName13 = XbimComplete.sln
		SccProjectName13 = XBim.COBie.Client
		SccLocalPath13 = XBim.COBie.Client
		SccProjectUniqueName14 = CodeExamples\\CodeExamples.csproj
		SccProjectTopLevelParentUniqueName14 = XbimComplete.sln
		SccProjectName14 = CodeExamples
		SccLocalPath14 = CodeExamples
		SccProjectUniqueName15 = COBie.Xbim.Tester\\COBie.Xbim.Tester.csproj
		SccProjectTopLevelParentUniqueName15 = XbimComplete.sln
		SccProjectName15 = COBie.Xbim.Tester
		SccLocalPath15 = COBie.Xbim.Tester
		SccProjectUniqueName16 = glMatrix\\glMatrix.csproj
		SccProjectTopLevelParentUniqueName16 = XbimComplete.sln
		SccProjectName16 = glMatrix
		SccLocalPath16 = glMatrix
		SccProjectUniqueName17 = Xbim.Ifc2x3\\Xbim.Ifc2x3.csproj
		SccProjectName17 = Xbim.Ifc2x3
		SccLocalPath17 = Xbim.Ifc2x3
		SccProjectUniqueName18 = Xbim.Ifc.Extensions\\Xbim.Ifc2x3.Extensions.csproj
		SccProjectName18 = Xbim.Ifc.Extensions
		SccLocalPath18 = Xbim.Ifc.Extensions
		SccProjectUniqueName19 = Xbim.Dynamic\\Xbim.Dynamic.csproj
		SccProjectTopLevelParentUniqueName19 = XbimComplete.sln
		SccProjectName19 = Xbim.Dynamic
		SccLocalPath19 = Xbim.Dynamic
		SccProjectUniqueName20 = Xbim.Shapefile\\Xbim.Shapefile.vcxproj
		SccProjectTopLevelParentUniqueName20 = XbimComplete.sln
		SccProjectName20 = Xbim.Shapefile
		SccLocalPath20 = Xbim.Shapefile
		SccProjectUniqueName21 = Xbim.Spatial\\Xbim.Spatial.csproj
		SccProjectTopLevelParentUniqueName21 = XbimComplete.sln
		SccProjectName21 = Xbim.Spatial
		SccLocalPath21 = Xbim.Spatial
		SccProjectUniqueName22 = XbimWebSpatial\\XbimWebSpatial.csproj
		SccProjectTopLevelParentUniqueName22 = XbimComplete.sln
		SccProjectName22 = XbimWebSpatial
		SccLocalPath22 = XbimWebSpatial
	EndGlobalSection
	GlobalSection(TestCaseManagementSettings) = postSolution
		CategoryFile = XbimComplete.vsmdi
	EndGlobalSection
	GlobalSection(SolutionConfigurationPlatforms) = preSolution
		Debug|Any CPU = Debug|Any CPU
		Debug|Win32 = Debug|Win32
		Debug|x64 = Debug|x64
		Debug|x86 = Debug|x86
		Release|Any CPU = Release|Any CPU
		Release|Win32 = Release|Win32
		Release|x64 = Release|x64
		Release|x86 = Release|x86
	EndGlobalSection
	GlobalSection(ProjectConfigurationPlatforms) = postSolution
		{CBCA1EFC-7459-4A0E-A42D-55D4F58051BF}.Debug|Any CPU.ActiveCfg = Debug|Win32
		{CBCA1EFC-7459-4A0E-A42D-55D4F58051BF}.Debug|Win32.ActiveCfg = Debug|Win32
		{CBCA1EFC-7459-4A0E-A42D-55D4F58051BF}.Debug|Win32.Build.0 = Debug|Win32
		{CBCA1EFC-7459-4A0E-A42D-55D4F58051BF}.Debug|x64.ActiveCfg = Debug|x64
		{CBCA1EFC-7459-4A0E-A42D-55D4F58051BF}.Debug|x64.Build.0 = Debug|x64
		{CBCA1EFC-7459-4A0E-A42D-55D4F58051BF}.Debug|x86.ActiveCfg = Debug|Win32
		{CBCA1EFC-7459-4A0E-A42D-55D4F58051BF}.Debug|x86.Build.0 = Debug|Win32
		{CBCA1EFC-7459-4A0E-A42D-55D4F58051BF}.Release|Any CPU.ActiveCfg = Release|Win32
		{CBCA1EFC-7459-4A0E-A42D-55D4F58051BF}.Release|Win32.ActiveCfg = Release|Win32
		{CBCA1EFC-7459-4A0E-A42D-55D4F58051BF}.Release|Win32.Build.0 = Release|Win32
		{CBCA1EFC-7459-4A0E-A42D-55D4F58051BF}.Release|x64.ActiveCfg = Release|x64
		{CBCA1EFC-7459-4A0E-A42D-55D4F58051BF}.Release|x64.Build.0 = Release|x64
		{CBCA1EFC-7459-4A0E-A42D-55D4F58051BF}.Release|x86.ActiveCfg = Release|Win32
		{CBCA1EFC-7459-4A0E-A42D-55D4F58051BF}.Release|x86.Build.0 = Release|Win32
		{85856DF2-C8AB-4120-8A8D-AE05D2696B51}.Debug|Any CPU.ActiveCfg = Debug|Any CPU
		{85856DF2-C8AB-4120-8A8D-AE05D2696B51}.Debug|Any CPU.Build.0 = Debug|Any CPU
		{85856DF2-C8AB-4120-8A8D-AE05D2696B51}.Debug|Win32.ActiveCfg = Debug|x64
		{85856DF2-C8AB-4120-8A8D-AE05D2696B51}.Debug|x64.ActiveCfg = Debug|x64
		{85856DF2-C8AB-4120-8A8D-AE05D2696B51}.Debug|x64.Build.0 = Debug|x64
		{85856DF2-C8AB-4120-8A8D-AE05D2696B51}.Debug|x86.ActiveCfg = Debug|x86
		{85856DF2-C8AB-4120-8A8D-AE05D2696B51}.Debug|x86.Build.0 = Debug|x86
		{85856DF2-C8AB-4120-8A8D-AE05D2696B51}.Release|Any CPU.ActiveCfg = Release|Any CPU
		{85856DF2-C8AB-4120-8A8D-AE05D2696B51}.Release|Any CPU.Build.0 = Release|Any CPU
		{85856DF2-C8AB-4120-8A8D-AE05D2696B51}.Release|Win32.ActiveCfg = Release|x64
		{85856DF2-C8AB-4120-8A8D-AE05D2696B51}.Release|x64.ActiveCfg = Release|x64
		{85856DF2-C8AB-4120-8A8D-AE05D2696B51}.Release|x64.Build.0 = Release|x64
		{85856DF2-C8AB-4120-8A8D-AE05D2696B51}.Release|x86.ActiveCfg = Release|x86
		{85856DF2-C8AB-4120-8A8D-AE05D2696B51}.Release|x86.Build.0 = Release|x86
		{89F98E53-DE4E-4427-8244-D5934AD08849}.Debug|Any CPU.ActiveCfg = Debug|Any CPU
		{89F98E53-DE4E-4427-8244-D5934AD08849}.Debug|Any CPU.Build.0 = Debug|Any CPU
		{89F98E53-DE4E-4427-8244-D5934AD08849}.Debug|Win32.ActiveCfg = Debug|x64
		{89F98E53-DE4E-4427-8244-D5934AD08849}.Debug|x64.ActiveCfg = Debug|x64
		{89F98E53-DE4E-4427-8244-D5934AD08849}.Debug|x64.Build.0 = Debug|x64
		{89F98E53-DE4E-4427-8244-D5934AD08849}.Debug|x86.ActiveCfg = Debug|x86
		{89F98E53-DE4E-4427-8244-D5934AD08849}.Debug|x86.Build.0 = Debug|x86
		{89F98E53-DE4E-4427-8244-D5934AD08849}.Release|Any CPU.ActiveCfg = Release|Any CPU
		{89F98E53-DE4E-4427-8244-D5934AD08849}.Release|Any CPU.Build.0 = Release|Any CPU
		{89F98E53-DE4E-4427-8244-D5934AD08849}.Release|Win32.ActiveCfg = Release|x64
		{89F98E53-DE4E-4427-8244-D5934AD08849}.Release|x64.ActiveCfg = Release|x64
		{89F98E53-DE4E-4427-8244-D5934AD08849}.Release|x64.Build.0 = Release|x64
		{89F98E53-DE4E-4427-8244-D5934AD08849}.Release|x86.ActiveCfg = Release|x86
		{89F98E53-DE4E-4427-8244-D5934AD08849}.Release|x86.Build.0 = Release|x86
		{D6CED5D7-BE37-4A32-90A5-1444C9FFDD91}.Debug|Any CPU.ActiveCfg = Debug|Any CPU
		{D6CED5D7-BE37-4A32-90A5-1444C9FFDD91}.Debug|Win32.ActiveCfg = Debug|x64
		{D6CED5D7-BE37-4A32-90A5-1444C9FFDD91}.Debug|x64.ActiveCfg = Debug|x64
		{D6CED5D7-BE37-4A32-90A5-1444C9FFDD91}.Debug|x64.Build.0 = Debug|x64
		{D6CED5D7-BE37-4A32-90A5-1444C9FFDD91}.Debug|x86.ActiveCfg = Debug|x86
		{D6CED5D7-BE37-4A32-90A5-1444C9FFDD91}.Debug|x86.Build.0 = Debug|x86
		{D6CED5D7-BE37-4A32-90A5-1444C9FFDD91}.Release|Any CPU.ActiveCfg = Release|Any CPU
		{D6CED5D7-BE37-4A32-90A5-1444C9FFDD91}.Release|Win32.ActiveCfg = Release|x64
		{D6CED5D7-BE37-4A32-90A5-1444C9FFDD91}.Release|x64.ActiveCfg = Release|x64
		{D6CED5D7-BE37-4A32-90A5-1444C9FFDD91}.Release|x64.Build.0 = Release|x64
		{D6CED5D7-BE37-4A32-90A5-1444C9FFDD91}.Release|x86.ActiveCfg = Release|x86
		{D6CED5D7-BE37-4A32-90A5-1444C9FFDD91}.Release|x86.Build.0 = Release|x86
		{3D9D37DE-A254-4433-B172-7590CBD84C69}.Debug|Any CPU.ActiveCfg = Debug|Any CPU
		{3D9D37DE-A254-4433-B172-7590CBD84C69}.Debug|Any CPU.Build.0 = Debug|Any CPU
		{3D9D37DE-A254-4433-B172-7590CBD84C69}.Debug|Win32.ActiveCfg = Debug|x86
		{3D9D37DE-A254-4433-B172-7590CBD84C69}.Debug|x64.ActiveCfg = Debug|x64
		{3D9D37DE-A254-4433-B172-7590CBD84C69}.Debug|x64.Build.0 = Debug|x64
		{3D9D37DE-A254-4433-B172-7590CBD84C69}.Debug|x86.ActiveCfg = Debug|x86
		{3D9D37DE-A254-4433-B172-7590CBD84C69}.Debug|x86.Build.0 = Debug|x86
		{3D9D37DE-A254-4433-B172-7590CBD84C69}.Release|Any CPU.ActiveCfg = Release|Any CPU
		{3D9D37DE-A254-4433-B172-7590CBD84C69}.Release|Any CPU.Build.0 = Release|Any CPU
		{3D9D37DE-A254-4433-B172-7590CBD84C69}.Release|Win32.ActiveCfg = Release|x86
		{3D9D37DE-A254-4433-B172-7590CBD84C69}.Release|x64.ActiveCfg = Release|x64
		{3D9D37DE-A254-4433-B172-7590CBD84C69}.Release|x64.Build.0 = Release|x64
		{3D9D37DE-A254-4433-B172-7590CBD84C69}.Release|x86.ActiveCfg = Release|x86
		{3D9D37DE-A254-4433-B172-7590CBD84C69}.Release|x86.Build.0 = Release|x86
		{B0E3E6A5-119C-4EFE-9796-EE131B2E278A}.Debug|Any CPU.ActiveCfg = Debug|Any CPU
		{B0E3E6A5-119C-4EFE-9796-EE131B2E278A}.Debug|Any CPU.Build.0 = Debug|Any CPU
		{B0E3E6A5-119C-4EFE-9796-EE131B2E278A}.Debug|Win32.ActiveCfg = Debug|x86
		{B0E3E6A5-119C-4EFE-9796-EE131B2E278A}.Debug|x64.ActiveCfg = Debug|x64
		{B0E3E6A5-119C-4EFE-9796-EE131B2E278A}.Debug|x64.Build.0 = Debug|x64
		{B0E3E6A5-119C-4EFE-9796-EE131B2E278A}.Debug|x86.ActiveCfg = Debug|x86
		{B0E3E6A5-119C-4EFE-9796-EE131B2E278A}.Debug|x86.Build.0 = Debug|x86
		{B0E3E6A5-119C-4EFE-9796-EE131B2E278A}.Release|Any CPU.ActiveCfg = Release|Any CPU
		{B0E3E6A5-119C-4EFE-9796-EE131B2E278A}.Release|Any CPU.Build.0 = Release|Any CPU
		{B0E3E6A5-119C-4EFE-9796-EE131B2E278A}.Release|Win32.ActiveCfg = Release|x86
		{B0E3E6A5-119C-4EFE-9796-EE131B2E278A}.Release|x64.ActiveCfg = Release|x64
		{B0E3E6A5-119C-4EFE-9796-EE131B2E278A}.Release|x64.Build.0 = Release|x64
		{B0E3E6A5-119C-4EFE-9796-EE131B2E278A}.Release|x86.ActiveCfg = Release|x86
		{B0E3E6A5-119C-4EFE-9796-EE131B2E278A}.Release|x86.Build.0 = Release|x86
		{6745F5AC-AF3C-4372-81AA-A75E7B1FA03B}.Debug|Any CPU.ActiveCfg = Debug|Any CPU
		{6745F5AC-AF3C-4372-81AA-A75E7B1FA03B}.Debug|Any CPU.Build.0 = Debug|Any CPU
		{6745F5AC-AF3C-4372-81AA-A75E7B1FA03B}.Debug|Win32.ActiveCfg = Debug|x64
		{6745F5AC-AF3C-4372-81AA-A75E7B1FA03B}.Debug|x64.ActiveCfg = Debug|x64
		{6745F5AC-AF3C-4372-81AA-A75E7B1FA03B}.Debug|x64.Build.0 = Debug|x64
		{6745F5AC-AF3C-4372-81AA-A75E7B1FA03B}.Debug|x86.ActiveCfg = Debug|x86
		{6745F5AC-AF3C-4372-81AA-A75E7B1FA03B}.Debug|x86.Build.0 = Debug|x86
		{6745F5AC-AF3C-4372-81AA-A75E7B1FA03B}.Release|Any CPU.ActiveCfg = Release|Any CPU
		{6745F5AC-AF3C-4372-81AA-A75E7B1FA03B}.Release|Any CPU.Build.0 = Release|Any CPU
		{6745F5AC-AF3C-4372-81AA-A75E7B1FA03B}.Release|Win32.ActiveCfg = Release|x64
		{6745F5AC-AF3C-4372-81AA-A75E7B1FA03B}.Release|x64.ActiveCfg = Release|x64
		{6745F5AC-AF3C-4372-81AA-A75E7B1FA03B}.Release|x64.Build.0 = Release|x64
		{6745F5AC-AF3C-4372-81AA-A75E7B1FA03B}.Release|x86.ActiveCfg = Release|x86
		{6745F5AC-AF3C-4372-81AA-A75E7B1FA03B}.Release|x86.Build.0 = Release|x86
		{219A127E-82B8-43A1-8959-7102E4724F8F}.Debug|Any CPU.ActiveCfg = Debug|Any CPU
		{219A127E-82B8-43A1-8959-7102E4724F8F}.Debug|Any CPU.Build.0 = Debug|Any CPU
		{219A127E-82B8-43A1-8959-7102E4724F8F}.Debug|Win32.ActiveCfg = Debug|x64
		{219A127E-82B8-43A1-8959-7102E4724F8F}.Debug|x64.ActiveCfg = Debug|x64
		{219A127E-82B8-43A1-8959-7102E4724F8F}.Debug|x64.Build.0 = Debug|x64
		{219A127E-82B8-43A1-8959-7102E4724F8F}.Debug|x86.ActiveCfg = Debug|x86
		{219A127E-82B8-43A1-8959-7102E4724F8F}.Debug|x86.Build.0 = Debug|x86
		{219A127E-82B8-43A1-8959-7102E4724F8F}.Release|Any CPU.ActiveCfg = Release|Any CPU
		{219A127E-82B8-43A1-8959-7102E4724F8F}.Release|Any CPU.Build.0 = Release|Any CPU
		{219A127E-82B8-43A1-8959-7102E4724F8F}.Release|Win32.ActiveCfg = Release|x64
		{219A127E-82B8-43A1-8959-7102E4724F8F}.Release|x64.ActiveCfg = Release|x64
		{219A127E-82B8-43A1-8959-7102E4724F8F}.Release|x64.Build.0 = Release|x64
		{219A127E-82B8-43A1-8959-7102E4724F8F}.Release|x86.ActiveCfg = Release|x86
		{219A127E-82B8-43A1-8959-7102E4724F8F}.Release|x86.Build.0 = Release|x86
		{5B6AC153-AC56-4B01-8734-88EAB805A6DB}.Debug|Any CPU.ActiveCfg = Debug|Any CPU
		{5B6AC153-AC56-4B01-8734-88EAB805A6DB}.Debug|Win32.ActiveCfg = Debug|Any CPU
		{5B6AC153-AC56-4B01-8734-88EAB805A6DB}.Debug|x64.ActiveCfg = Debug|x64
		{5B6AC153-AC56-4B01-8734-88EAB805A6DB}.Debug|x64.Build.0 = Debug|x64
		{5B6AC153-AC56-4B01-8734-88EAB805A6DB}.Debug|x86.ActiveCfg = Debug|x86
		{5B6AC153-AC56-4B01-8734-88EAB805A6DB}.Debug|x86.Build.0 = Debug|x86
		{5B6AC153-AC56-4B01-8734-88EAB805A6DB}.Release|Any CPU.ActiveCfg = Release|Any CPU
		{5B6AC153-AC56-4B01-8734-88EAB805A6DB}.Release|Win32.ActiveCfg = Release|Any CPU
		{5B6AC153-AC56-4B01-8734-88EAB805A6DB}.Release|x64.ActiveCfg = Release|x64
		{5B6AC153-AC56-4B01-8734-88EAB805A6DB}.Release|x64.Build.0 = Release|x64
		{5B6AC153-AC56-4B01-8734-88EAB805A6DB}.Release|x86.ActiveCfg = Release|x86
		{5B6AC153-AC56-4B01-8734-88EAB805A6DB}.Release|x86.Build.0 = Release|x86
		{8729CDD1-B493-48EC-A867-61ABAF3E93D2}.Debug|Any CPU.ActiveCfg = Debug|Any CPU
		{8729CDD1-B493-48EC-A867-61ABAF3E93D2}.Debug|Any CPU.Build.0 = Debug|Any CPU
		{8729CDD1-B493-48EC-A867-61ABAF3E93D2}.Debug|Win32.ActiveCfg = Debug|x64
		{8729CDD1-B493-48EC-A867-61ABAF3E93D2}.Debug|x64.ActiveCfg = Debug|x64
		{8729CDD1-B493-48EC-A867-61ABAF3E93D2}.Debug|x86.ActiveCfg = Debug|x86
		{8729CDD1-B493-48EC-A867-61ABAF3E93D2}.Debug|x86.Build.0 = Debug|x86
		{8729CDD1-B493-48EC-A867-61ABAF3E93D2}.Release|Any CPU.ActiveCfg = Release|Any CPU
		{8729CDD1-B493-48EC-A867-61ABAF3E93D2}.Release|Any CPU.Build.0 = Release|Any CPU
		{8729CDD1-B493-48EC-A867-61ABAF3E93D2}.Release|Win32.ActiveCfg = Release|x64
		{8729CDD1-B493-48EC-A867-61ABAF3E93D2}.Release|x64.ActiveCfg = Release|x64
		{8729CDD1-B493-48EC-A867-61ABAF3E93D2}.Release|x64.Build.0 = Release|x64
		{8729CDD1-B493-48EC-A867-61ABAF3E93D2}.Release|x86.ActiveCfg = Release|x86
		{8729CDD1-B493-48EC-A867-61ABAF3E93D2}.Release|x86.Build.0 = Release|x86
		{6EF22FB8-7048-4E6A-9B2F-AC2570A998A9}.Debug|Any CPU.ActiveCfg = Debug|Any CPU
		{6EF22FB8-7048-4E6A-9B2F-AC2570A998A9}.Debug|Any CPU.Build.0 = Debug|Any CPU
		{6EF22FB8-7048-4E6A-9B2F-AC2570A998A9}.Debug|Win32.ActiveCfg = Debug|x64
		{6EF22FB8-7048-4E6A-9B2F-AC2570A998A9}.Debug|x64.ActiveCfg = Debug|x64
		{6EF22FB8-7048-4E6A-9B2F-AC2570A998A9}.Debug|x64.Build.0 = Debug|x64
		{6EF22FB8-7048-4E6A-9B2F-AC2570A998A9}.Debug|x86.ActiveCfg = Debug|x86
		{6EF22FB8-7048-4E6A-9B2F-AC2570A998A9}.Debug|x86.Build.0 = Debug|x86
		{6EF22FB8-7048-4E6A-9B2F-AC2570A998A9}.Release|Any CPU.ActiveCfg = Release|Any CPU
		{6EF22FB8-7048-4E6A-9B2F-AC2570A998A9}.Release|Any CPU.Build.0 = Release|Any CPU
		{6EF22FB8-7048-4E6A-9B2F-AC2570A998A9}.Release|Win32.ActiveCfg = Release|x64
		{6EF22FB8-7048-4E6A-9B2F-AC2570A998A9}.Release|x64.ActiveCfg = Release|x64
		{6EF22FB8-7048-4E6A-9B2F-AC2570A998A9}.Release|x64.Build.0 = Release|x64
		{6EF22FB8-7048-4E6A-9B2F-AC2570A998A9}.Release|x86.ActiveCfg = Release|x86
		{6EF22FB8-7048-4E6A-9B2F-AC2570A998A9}.Release|x86.Build.0 = Release|x86
		{7DA8C61A-ACCA-45CB-B688-93A4982FA44C}.Debug|Any CPU.ActiveCfg = Debug|Any CPU
		{7DA8C61A-ACCA-45CB-B688-93A4982FA44C}.Debug|Any CPU.Build.0 = Debug|Any CPU
		{7DA8C61A-ACCA-45CB-B688-93A4982FA44C}.Debug|Win32.ActiveCfg = Debug|x64
		{7DA8C61A-ACCA-45CB-B688-93A4982FA44C}.Debug|x64.ActiveCfg = Debug|x64
		{7DA8C61A-ACCA-45CB-B688-93A4982FA44C}.Debug|x64.Build.0 = Debug|x64
		{7DA8C61A-ACCA-45CB-B688-93A4982FA44C}.Debug|x86.ActiveCfg = Debug|x86
		{7DA8C61A-ACCA-45CB-B688-93A4982FA44C}.Debug|x86.Build.0 = Debug|x86
		{7DA8C61A-ACCA-45CB-B688-93A4982FA44C}.Release|Any CPU.ActiveCfg = Release|Any CPU
		{7DA8C61A-ACCA-45CB-B688-93A4982FA44C}.Release|Any CPU.Build.0 = Release|Any CPU
		{7DA8C61A-ACCA-45CB-B688-93A4982FA44C}.Release|Win32.ActiveCfg = Release|x64
		{7DA8C61A-ACCA-45CB-B688-93A4982FA44C}.Release|x64.ActiveCfg = Release|x64
		{7DA8C61A-ACCA-45CB-B688-93A4982FA44C}.Release|x64.Build.0 = Release|x64
		{7DA8C61A-ACCA-45CB-B688-93A4982FA44C}.Release|x86.ActiveCfg = Release|x86
		{7DA8C61A-ACCA-45CB-B688-93A4982FA44C}.Release|x86.Build.0 = Release|x86
		{FB5A1829-7B34-4DE9-94A9-AF3AD36320BB}.Debug|Any CPU.ActiveCfg = Debug|Any CPU
		{FB5A1829-7B34-4DE9-94A9-AF3AD36320BB}.Debug|Win32.ActiveCfg = Debug|Any CPU
		{FB5A1829-7B34-4DE9-94A9-AF3AD36320BB}.Debug|x64.ActiveCfg = Debug|x64
		{FB5A1829-7B34-4DE9-94A9-AF3AD36320BB}.Debug|x64.Build.0 = Debug|x64
		{FB5A1829-7B34-4DE9-94A9-AF3AD36320BB}.Debug|x86.ActiveCfg = Debug|x86
		{FB5A1829-7B34-4DE9-94A9-AF3AD36320BB}.Debug|x86.Build.0 = Debug|x86
		{FB5A1829-7B34-4DE9-94A9-AF3AD36320BB}.Release|Any CPU.ActiveCfg = Release|Any CPU
		{FB5A1829-7B34-4DE9-94A9-AF3AD36320BB}.Release|Any CPU.Build.0 = Release|Any CPU
		{FB5A1829-7B34-4DE9-94A9-AF3AD36320BB}.Release|Win32.ActiveCfg = Release|Any CPU
		{FB5A1829-7B34-4DE9-94A9-AF3AD36320BB}.Release|x64.ActiveCfg = Release|x64
		{FB5A1829-7B34-4DE9-94A9-AF3AD36320BB}.Release|x64.Build.0 = Release|x64
		{FB5A1829-7B34-4DE9-94A9-AF3AD36320BB}.Release|x86.ActiveCfg = Release|x86
		{FB5A1829-7B34-4DE9-94A9-AF3AD36320BB}.Release|x86.Build.0 = Release|x86
		{9FD894A7-6637-4BF0-A0EA-D654CEB0E234}.Debug|Any CPU.ActiveCfg = Debug|x86
		{9FD894A7-6637-4BF0-A0EA-D654CEB0E234}.Debug|Win32.ActiveCfg = Debug|x64
		{9FD894A7-6637-4BF0-A0EA-D654CEB0E234}.Debug|x64.ActiveCfg = Debug|x86
		{9FD894A7-6637-4BF0-A0EA-D654CEB0E234}.Debug|x86.ActiveCfg = Debug|x86
		{9FD894A7-6637-4BF0-A0EA-D654CEB0E234}.Debug|x86.Build.0 = Debug|x86
		{9FD894A7-6637-4BF0-A0EA-D654CEB0E234}.Release|Any CPU.ActiveCfg = Release|x86
		{9FD894A7-6637-4BF0-A0EA-D654CEB0E234}.Release|Win32.ActiveCfg = Release|x64
		{9FD894A7-6637-4BF0-A0EA-D654CEB0E234}.Release|x64.ActiveCfg = Release|x64
		{9FD894A7-6637-4BF0-A0EA-D654CEB0E234}.Release|x64.Build.0 = Release|x64
		{9FD894A7-6637-4BF0-A0EA-D654CEB0E234}.Release|x86.ActiveCfg = Release|x86
		{9FD894A7-6637-4BF0-A0EA-D654CEB0E234}.Release|x86.Build.0 = Release|x86
		{823FEDA5-EEE3-4583-82CE-E51CE88BCF44}.Debug|Any CPU.ActiveCfg = Debug|x86
		{823FEDA5-EEE3-4583-82CE-E51CE88BCF44}.Debug|Win32.ActiveCfg = Debug|x64
		{823FEDA5-EEE3-4583-82CE-E51CE88BCF44}.Debug|x64.ActiveCfg = Debug|x86
		{823FEDA5-EEE3-4583-82CE-E51CE88BCF44}.Debug|x86.ActiveCfg = Debug|x86
		{823FEDA5-EEE3-4583-82CE-E51CE88BCF44}.Debug|x86.Build.0 = Debug|x86
		{823FEDA5-EEE3-4583-82CE-E51CE88BCF44}.Release|Any CPU.ActiveCfg = Release|x86
		{823FEDA5-EEE3-4583-82CE-E51CE88BCF44}.Release|Win32.ActiveCfg = Release|x64
		{823FEDA5-EEE3-4583-82CE-E51CE88BCF44}.Release|x64.ActiveCfg = Release|x64
		{823FEDA5-EEE3-4583-82CE-E51CE88BCF44}.Release|x64.Build.0 = Release|x64
		{823FEDA5-EEE3-4583-82CE-E51CE88BCF44}.Release|x86.ActiveCfg = Release|x86
		{823FEDA5-EEE3-4583-82CE-E51CE88BCF44}.Release|x86.Build.0 = Release|x86
		{4B8F7099-19FA-4510-9698-CCFD89B5D4D2}.Debug|Any CPU.ActiveCfg = Debug|Any CPU
		{4B8F7099-19FA-4510-9698-CCFD89B5D4D2}.Debug|Any CPU.Build.0 = Debug|Any CPU
		{4B8F7099-19FA-4510-9698-CCFD89B5D4D2}.Debug|Win32.ActiveCfg = Debug|x86
		{4B8F7099-19FA-4510-9698-CCFD89B5D4D2}.Debug|x64.ActiveCfg = Debug|Any CPU
		{4B8F7099-19FA-4510-9698-CCFD89B5D4D2}.Debug|x86.ActiveCfg = Debug|x86
		{4B8F7099-19FA-4510-9698-CCFD89B5D4D2}.Debug|x86.Build.0 = Debug|x86
		{4B8F7099-19FA-4510-9698-CCFD89B5D4D2}.Release|Any CPU.ActiveCfg = Release|Any CPU
		{4B8F7099-19FA-4510-9698-CCFD89B5D4D2}.Release|Any CPU.Build.0 = Release|Any CPU
		{4B8F7099-19FA-4510-9698-CCFD89B5D4D2}.Release|Win32.ActiveCfg = Release|x86
		{4B8F7099-19FA-4510-9698-CCFD89B5D4D2}.Release|x64.ActiveCfg = Release|x64
		{4B8F7099-19FA-4510-9698-CCFD89B5D4D2}.Release|x64.Build.0 = Release|x64
		{4B8F7099-19FA-4510-9698-CCFD89B5D4D2}.Release|x86.ActiveCfg = Release|x86
		{0255E9D0-1087-49D4-B886-C882CA27DD10}.Debug|Any CPU.ActiveCfg = Debug|Any CPU
		{0255E9D0-1087-49D4-B886-C882CA27DD10}.Debug|Any CPU.Build.0 = Debug|Any CPU
		{0255E9D0-1087-49D4-B886-C882CA27DD10}.Debug|Win32.ActiveCfg = Debug|x86
		{0255E9D0-1087-49D4-B886-C882CA27DD10}.Debug|x64.ActiveCfg = Debug|x64
		{0255E9D0-1087-49D4-B886-C882CA27DD10}.Debug|x64.Build.0 = Debug|x64
		{0255E9D0-1087-49D4-B886-C882CA27DD10}.Debug|x86.ActiveCfg = Debug|x86
		{0255E9D0-1087-49D4-B886-C882CA27DD10}.Debug|x86.Build.0 = Debug|x86
		{0255E9D0-1087-49D4-B886-C882CA27DD10}.Release|Any CPU.ActiveCfg = Release|Any CPU
		{0255E9D0-1087-49D4-B886-C882CA27DD10}.Release|Any CPU.Build.0 = Release|Any CPU
		{0255E9D0-1087-49D4-B886-C882CA27DD10}.Release|Win32.ActiveCfg = Release|x86
		{0255E9D0-1087-49D4-B886-C882CA27DD10}.Release|x64.ActiveCfg = Release|x64
		{0255E9D0-1087-49D4-B886-C882CA27DD10}.Release|x64.Build.0 = Release|x64
		{0255E9D0-1087-49D4-B886-C882CA27DD10}.Release|x86.ActiveCfg = Release|x86
		{0255E9D0-1087-49D4-B886-C882CA27DD10}.Release|x86.Build.0 = Release|x86
		{6DF47D23-8F4D-4069-A44B-BBDACD3F9AEA}.Debug|Any CPU.ActiveCfg = Debug|Any CPU
		{6DF47D23-8F4D-4069-A44B-BBDACD3F9AEA}.Debug|Any CPU.Build.0 = Debug|Any CPU
		{6DF47D23-8F4D-4069-A44B-BBDACD3F9AEA}.Debug|Win32.ActiveCfg = Debug|x86
		{6DF47D23-8F4D-4069-A44B-BBDACD3F9AEA}.Debug|x64.ActiveCfg = Debug|x64
		{6DF47D23-8F4D-4069-A44B-BBDACD3F9AEA}.Debug|x64.Build.0 = Debug|x64
		{6DF47D23-8F4D-4069-A44B-BBDACD3F9AEA}.Debug|x86.ActiveCfg = Debug|x86
		{6DF47D23-8F4D-4069-A44B-BBDACD3F9AEA}.Debug|x86.Build.0 = Debug|x86
		{6DF47D23-8F4D-4069-A44B-BBDACD3F9AEA}.Release|Any CPU.ActiveCfg = Release|Any CPU
		{6DF47D23-8F4D-4069-A44B-BBDACD3F9AEA}.Release|Any CPU.Build.0 = Release|Any CPU
		{6DF47D23-8F4D-4069-A44B-BBDACD3F9AEA}.Release|Win32.ActiveCfg = Release|x86
		{6DF47D23-8F4D-4069-A44B-BBDACD3F9AEA}.Release|x64.ActiveCfg = Release|x64
		{6DF47D23-8F4D-4069-A44B-BBDACD3F9AEA}.Release|x64.Build.0 = Release|x64
		{6DF47D23-8F4D-4069-A44B-BBDACD3F9AEA}.Release|x86.ActiveCfg = Release|x86
		{6DF47D23-8F4D-4069-A44B-BBDACD3F9AEA}.Release|x86.Build.0 = Release|x86
		{301257BA-8FD7-49E8-8E47-4615026F633C}.Debug|Any CPU.ActiveCfg = Debug|Any CPU
		{301257BA-8FD7-49E8-8E47-4615026F633C}.Debug|Any CPU.Build.0 = Debug|Any CPU
		{301257BA-8FD7-49E8-8E47-4615026F633C}.Debug|Win32.ActiveCfg = Debug|x86
		{301257BA-8FD7-49E8-8E47-4615026F633C}.Debug|x64.ActiveCfg = Debug|x64
		{301257BA-8FD7-49E8-8E47-4615026F633C}.Debug|x64.Build.0 = Debug|x64
		{301257BA-8FD7-49E8-8E47-4615026F633C}.Debug|x86.ActiveCfg = Debug|x86
		{301257BA-8FD7-49E8-8E47-4615026F633C}.Debug|x86.Build.0 = Debug|x86
		{301257BA-8FD7-49E8-8E47-4615026F633C}.Release|Any CPU.ActiveCfg = Release|Any CPU
		{301257BA-8FD7-49E8-8E47-4615026F633C}.Release|Any CPU.Build.0 = Release|Any CPU
		{301257BA-8FD7-49E8-8E47-4615026F633C}.Release|Win32.ActiveCfg = Release|x86
		{301257BA-8FD7-49E8-8E47-4615026F633C}.Release|x64.ActiveCfg = Release|Any CPU
		{301257BA-8FD7-49E8-8E47-4615026F633C}.Release|x86.ActiveCfg = Release|Any CPU
		{E4AFDB26-21DA-4BCC-B7A5-428133A9385F}.Debug|Any CPU.ActiveCfg = Debug|Win32
		{E4AFDB26-21DA-4BCC-B7A5-428133A9385F}.Debug|Win32.ActiveCfg = Debug|Win32
		{E4AFDB26-21DA-4BCC-B7A5-428133A9385F}.Debug|Win32.Build.0 = Debug|Win32
		{E4AFDB26-21DA-4BCC-B7A5-428133A9385F}.Debug|x64.ActiveCfg = Debug|x64
		{E4AFDB26-21DA-4BCC-B7A5-428133A9385F}.Debug|x64.Build.0 = Debug|x64
		{E4AFDB26-21DA-4BCC-B7A5-428133A9385F}.Debug|x86.ActiveCfg = Debug|Win32
		{E4AFDB26-21DA-4BCC-B7A5-428133A9385F}.Debug|x86.Build.0 = Debug|Win32
		{E4AFDB26-21DA-4BCC-B7A5-428133A9385F}.Release|Any CPU.ActiveCfg = Release|x64
		{E4AFDB26-21DA-4BCC-B7A5-428133A9385F}.Release|Win32.ActiveCfg = Release|Win32
		{E4AFDB26-21DA-4BCC-B7A5-428133A9385F}.Release|Win32.Build.0 = Release|Win32
		{E4AFDB26-21DA-4BCC-B7A5-428133A9385F}.Release|x64.ActiveCfg = Release|x64
		{E4AFDB26-21DA-4BCC-B7A5-428133A9385F}.Release|x64.Build.0 = Release|x64
		{E4AFDB26-21DA-4BCC-B7A5-428133A9385F}.Release|x86.ActiveCfg = Release|x64
		{DE488ADE-EE39-4FAE-957D-AF7200BB9E3B}.Debug|Any CPU.ActiveCfg = Debug|Any CPU
		{DE488ADE-EE39-4FAE-957D-AF7200BB9E3B}.Debug|Any CPU.Build.0 = Debug|Any CPU
		{DE488ADE-EE39-4FAE-957D-AF7200BB9E3B}.Debug|Win32.ActiveCfg = Debug|x86
		{DE488ADE-EE39-4FAE-957D-AF7200BB9E3B}.Debug|x64.ActiveCfg = Debug|x64
		{DE488ADE-EE39-4FAE-957D-AF7200BB9E3B}.Debug|x64.Build.0 = Debug|x64
		{DE488ADE-EE39-4FAE-957D-AF7200BB9E3B}.Debug|x86.ActiveCfg = Debug|x86
		{DE488ADE-EE39-4FAE-957D-AF7200BB9E3B}.Debug|x86.Build.0 = Debug|x86
		{DE488ADE-EE39-4FAE-957D-AF7200BB9E3B}.Release|Any CPU.ActiveCfg = Release|Any CPU
		{DE488ADE-EE39-4FAE-957D-AF7200BB9E3B}.Release|Any CPU.Build.0 = Release|Any CPU
		{DE488ADE-EE39-4FAE-957D-AF7200BB9E3B}.Release|Win32.ActiveCfg = Release|x86
		{DE488ADE-EE39-4FAE-957D-AF7200BB9E3B}.Release|x64.ActiveCfg = Release|x64
		{DE488ADE-EE39-4FAE-957D-AF7200BB9E3B}.Release|x64.Build.0 = Release|x64
		{DE488ADE-EE39-4FAE-957D-AF7200BB9E3B}.Release|x86.ActiveCfg = Release|x86
		{DE488ADE-EE39-4FAE-957D-AF7200BB9E3B}.Release|x86.Build.0 = Release|x86
		{24E1E95C-C4B3-44FF-AAEC-F9D3A7CC1416}.Debug|Any CPU.ActiveCfg = Debug|Any CPU
		{24E1E95C-C4B3-44FF-AAEC-F9D3A7CC1416}.Debug|Any CPU.Build.0 = Debug|Any CPU
		{24E1E95C-C4B3-44FF-AAEC-F9D3A7CC1416}.Debug|Win32.ActiveCfg = Debug|Any CPU
		{24E1E95C-C4B3-44FF-AAEC-F9D3A7CC1416}.Debug|x64.ActiveCfg = Debug|Any CPU
		{24E1E95C-C4B3-44FF-AAEC-F9D3A7CC1416}.Debug|x86.ActiveCfg = Debug|Any CPU
		{24E1E95C-C4B3-44FF-AAEC-F9D3A7CC1416}.Release|Any CPU.ActiveCfg = Release|Any CPU
		{24E1E95C-C4B3-44FF-AAEC-F9D3A7CC1416}.Release|Any CPU.Build.0 = Release|Any CPU
		{24E1E95C-C4B3-44FF-AAEC-F9D3A7CC1416}.Release|Win32.ActiveCfg = Release|Any CPU
		{24E1E95C-C4B3-44FF-AAEC-F9D3A7CC1416}.Release|x64.ActiveCfg = Release|Any CPU
		{24E1E95C-C4B3-44FF-AAEC-F9D3A7CC1416}.Release|x86.ActiveCfg = Release|Any CPU
	EndGlobalSection
	GlobalSection(SolutionProperties) = preSolution
		HideSolutionNode = FALSE
	EndGlobalSection
	GlobalSection(NestedProjects) = preSolution
		{4B8F7099-19FA-4510-9698-CCFD89B5D4D2} = {B5EDEE8A-69B9-47E5-8455-E1A9A7ED8969}
		{D6CED5D7-BE37-4A32-90A5-1444C9FFDD91} = {0DA6263B-5A69-401E-99D0-391644EF4709}
		{219A127E-82B8-43A1-8959-7102E4724F8F} = {0DA6263B-5A69-401E-99D0-391644EF4709}
		{5B6AC153-AC56-4B01-8734-88EAB805A6DB} = {0DA6263B-5A69-401E-99D0-391644EF4709}
		{FB5A1829-7B34-4DE9-94A9-AF3AD36320BB} = {0DA6263B-5A69-401E-99D0-391644EF4709}
		{9FD894A7-6637-4BF0-A0EA-D654CEB0E234} = {0DA6263B-5A69-401E-99D0-391644EF4709}
		{823FEDA5-EEE3-4583-82CE-E51CE88BCF44} = {0DA6263B-5A69-401E-99D0-391644EF4709}
		{8729CDD1-B493-48EC-A867-61ABAF3E93D2} = {7ECDCF15-95BB-4D2B-8C0D-8615D6E3BAB1}
		{6EF22FB8-7048-4E6A-9B2F-AC2570A998A9} = {7ECDCF15-95BB-4D2B-8C0D-8615D6E3BAB1}
		{10A2F674-DB37-41FF-AB71-9D54C8F0A5B6} = {E9E301F2-FE7D-4410-B88D-F83D684A8E62}
		{E4AFDB26-21DA-4BCC-B7A5-428133A9385F} = {FF615897-BD10-49C6-9F50-0D0BE7B1E8BE}
		{301257BA-8FD7-49E8-8E47-4615026F633C} = {FF615897-BD10-49C6-9F50-0D0BE7B1E8BE}
		{DE488ADE-EE39-4FAE-957D-AF7200BB9E3B} = {FF615897-BD10-49C6-9F50-0D0BE7B1E8BE}
		{24E1E95C-C4B3-44FF-AAEC-F9D3A7CC1416} = {FF615897-BD10-49C6-9F50-0D0BE7B1E8BE}
	EndGlobalSection
	GlobalSection(JSLint) = preSolution
		SolutionConfigurationLocation = JSLintOptions.xml
	EndGlobalSection
EndGlobal
