
Microsoft Visual Studio Solution File, Format Version 12.00
# Visual Studio 2010
Project("{2150E333-8FDC-42A3-9474-1A3956D46DE8}") = "Shared", "Shared", "{B5EDEE8A-69B9-47E5-8455-E1A9A7ED8969}"
	ProjectSection(SolutionItems) = preProject
		Xbim.ModelGeometry.OCC\Version.rc = Xbim.ModelGeometry.OCC\Version.rc
	EndProjectSection
EndProject
Project("{2150E333-8FDC-42A3-9474-1A3956D46DE8}") = "Samples", "Samples", "{0DA6263B-5A69-401E-99D0-391644EF4709}"
EndProject
Project("{2150E333-8FDC-42A3-9474-1A3956D46DE8}") = "Test", "Test", "{7ECDCF15-95BB-4D2B-8C0D-8615D6E3BAB1}"
	ProjectSection(SolutionItems) = preProject
		Local.testsettings = Local.testsettings
		TraceAndTestImpact.testsettings = TraceAndTestImpact.testsettings
	EndProjectSection
EndProject
Project("{2150E333-8FDC-42A3-9474-1A3956D46DE8}") = "Solution Items", "Solution Items", "{25F1A002-D766-40FD-910C-D3E9DCC6FCBF}"
	ProjectSection(SolutionItems) = preProject
		JSLintOptions.xml = JSLintOptions.xml
		Readme.txt = Readme.txt
		XbimComplete.vsmdi = XbimComplete.vsmdi
	EndProjectSection
EndProject
Project("{2150E333-8FDC-42A3-9474-1A3956D46DE8}") = "Licences", "Licences", "{E9E301F2-FE7D-4410-B88D-F83D684A8E62}"
	ProjectSection(SolutionItems) = preProject
		Licences\CDDL Licence.txt = Licences\CDDL Licence.txt
	EndProjectSection
EndProject
Project("{2150E333-8FDC-42A3-9474-1A3956D46DE8}") = "3rd Party", "3rd Party", "{10A2F674-DB37-41FF-AB71-9D54C8F0A5B6}"
	ProjectSection(SolutionItems) = preProject
		Licences\Apache2_0.txt = Licences\Apache2_0.txt
		Licences\MIT Licence.txt = Licences\MIT Licence.txt
		Licences\MS Permissive Licence.txt = Licences\MS Permissive Licence.txt
		Licences\NewBSD Licence.txt = Licences\NewBSD Licence.txt
		Licences\OPEN CASCADE Public Licence.txt = Licences\OPEN CASCADE Public Licence.txt
	EndProjectSection
EndProject
Project("{FAE04EC0-301F-11D3-BF4B-00C04F79EFBC}") = "Xbim.IO", "Xbim.IO\Xbim.IO.csproj", "{85856DF2-C8AB-4120-8A8D-AE05D2696B51}"
EndProject
Project("{FAE04EC0-301F-11D3-BF4B-00C04F79EFBC}") = "Xbim.Presentation", "Xbim.Presentation\Xbim.Presentation.csproj", "{89F98E53-DE4E-4427-8244-D5934AD08849}"
EndProject
Project("{FAE04EC0-301F-11D3-BF4B-00C04F79EFBC}") = "XbimXplorer", "XbimXplorer\XbimXplorer.csproj", "{D6CED5D7-BE37-4A32-90A5-1444C9FFDD91}"
	ProjectSection(ProjectDependencies) = postProject
		{CBCA1EFC-7459-4A0E-A42D-55D4F58051BF} = {CBCA1EFC-7459-4A0E-A42D-55D4F58051BF}
	EndProjectSection
EndProject
Project("{FAE04EC0-301F-11D3-BF4B-00C04F79EFBC}") = "Xbim.ModelGeometry.Scene", "Xbim.ModelGeometry.Scene\Xbim.ModelGeometry.Scene.csproj", "{3D9D37DE-A254-4433-B172-7590CBD84C69}"
EndProject
Project("{FAE04EC0-301F-11D3-BF4B-00C04F79EFBC}") = "Xbim.DOM", "Xbim.DOM\Xbim.DOM.csproj", "{B0E3E6A5-119C-4EFE-9796-EE131B2E278A}"
EndProject
Project("{FAE04EC0-301F-11D3-BF4B-00C04F79EFBC}") = "Xbim.Common", "Xbim.Common\Xbim.Common.csproj", "{6745F5AC-AF3C-4372-81AA-A75E7B1FA03B}"
EndProject
Project("{FAE04EC0-301F-11D3-BF4B-00C04F79EFBC}") = "Xbim.SceneJSWebViewer", "Xbim.Web.SceneJSWebViewer\Xbim.SceneJSWebViewer.csproj", "{219A127E-82B8-43A1-8959-7102E4724F8F}"
EndProject
Project("{FAE04EC0-301F-11D3-BF4B-00C04F79EFBC}") = "XbimConvert", "XbimConvert\XbimConvert.csproj", "{5B6AC153-AC56-4B01-8734-88EAB805A6DB}"
EndProject
Project("{FAE04EC0-301F-11D3-BF4B-00C04F79EFBC}") = "Xbim.Tests", "Xbim.Tests\Xbim.Tests.csproj", "{8729CDD1-B493-48EC-A867-61ABAF3E93D2}"
EndProject
Project("{FAE04EC0-301F-11D3-BF4B-00C04F79EFBC}") = "XbimRegression", "XbimRegression\XbimRegression.csproj", "{6EF22FB8-7048-4E6A-9B2F-AC2570A998A9}"
EndProject
Project("{FAE04EC0-301F-11D3-BF4B-00C04F79EFBC}") = "Xbim.COBie", "Xbim.COBie\Xbim.COBie.csproj", "{7DA8C61A-ACCA-45CB-B688-93A4982FA44C}"
EndProject
Project("{FAE04EC0-301F-11D3-BF4B-00C04F79EFBC}") = "Xbim.COBie.Client", "XBim.COBie.Client\Xbim.COBie.Client.csproj", "{FB5A1829-7B34-4DE9-94A9-AF3AD36320BB}"
EndProject
Project("{FAE04EC0-301F-11D3-BF4B-00C04F79EFBC}") = "CodeExamples", "CodeExamples\CodeExamples.csproj", "{9FD894A7-6637-4BF0-A0EA-D654CEB0E234}"
EndProject
Project("{FAE04EC0-301F-11D3-BF4B-00C04F79EFBC}") = "glMatrix", "glMatrix\glMatrix.csproj", "{4B8F7099-19FA-4510-9698-CCFD89B5D4D2}"
EndProject
Project("{FAE04EC0-301F-11D3-BF4B-00C04F79EFBC}") = "Xbim.Ifc2x3", "Xbim.Ifc2x3\Xbim.Ifc2x3.csproj", "{5D4C907D-1293-4E5F-9642-D0862AE4741C}"
EndProject
Project("{FAE04EC0-301F-11D3-BF4B-00C04F79EFBC}") = "Xbim.Ifc2x3.Extensions", "Xbim.Ifc.Extensions\Xbim.Ifc2x3.Extensions.csproj", "{09870F18-1796-4A3E-A66D-68DB3DA60B24}"
EndProject
Project("{FAE04EC0-301F-11D3-BF4B-00C04F79EFBC}") = "Xbim.ModelGeometry.Converter", "Xbim.ModelGeometry.Converter\Xbim.ModelGeometry.Converter.csproj", "{97DFF14E-ADD7-4ED3-B8C3-0D3D3E6CDEE8}"
EndProject
Project("{8BC9CEB8-8B4A-11D0-8D11-00A0C91BC942}") = "Xbim.ModelGeometry.OCC", "Xbim.ModelGeometry.OCC\Xbim.ModelGeometry.OCC.vcxproj", "{CBCA1EFC-7459-4A0E-A42D-55D4F58051BF}"
EndProject
Project("{2150E333-8FDC-42A3-9474-1A3956D46DE8}") = ".nuget", ".nuget", "{23F8E306-C55B-435B-B8C2-C262FD6A9889}"
	ProjectSection(SolutionItems) = preProject
		.nuget\NuGet.Config = .nuget\NuGet.Config
		.nuget\NuGet.exe = .nuget\NuGet.exe
		.nuget\NuGet.targets = .nuget\NuGet.targets
	EndProjectSection
EndProject
Global
	GlobalSection(TeamFoundationVersionControl) = preSolution
		SccNumberOfProjects = 17
		SccEnterpriseProvider = {4CA58AB2-18FA-4F8D-95D4-32DDF27D184C}
		SccTeamFoundationServer = https://tfs.codeplex.com/tfs/tfs13
		SccProjectUniqueName0 = Xbim.IO\\Xbim.IO.csproj
		SccProjectName0 = Xbim.IO
		SccAuxPath0 = https://tfs.codeplex.com/tfs/tfs13
		SccLocalPath0 = Xbim.IO
		SccProvider0 = {4CA58AB2-18FA-4F8D-95D4-32DDF27D184C}
		SccProjectUniqueName1 = Xbim.Presentation\\Xbim.Presentation.csproj
		SccProjectName1 = Xbim.Presentation
		SccAuxPath1 = https://tfs.codeplex.com/tfs/tfs13
		SccLocalPath1 = Xbim.Presentation
		SccProvider1 = {4CA58AB2-18FA-4F8D-95D4-32DDF27D184C}
		SccProjectUniqueName2 = XbimXplorer\\XbimXplorer.csproj
		SccProjectTopLevelParentUniqueName2 = XbimComplete.sln
		SccProjectName2 = XbimXplorer
		SccAuxPath2 = https://tfs.codeplex.com/tfs/tfs13
		SccLocalPath2 = XbimXplorer
		SccProvider2 = {4CA58AB2-18FA-4F8D-95D4-32DDF27D184C}
		SccProjectUniqueName3 = Xbim.ModelGeometry.Scene\\Xbim.ModelGeometry.Scene.csproj
		SccProjectName3 = Xbim.ModelGeometry.Scene
		SccAuxPath3 = https://tfs.codeplex.com/tfs/tfs13
		SccLocalPath3 = Xbim.ModelGeometry.Scene
		SccProvider3 = {4CA58AB2-18FA-4F8D-95D4-32DDF27D184C}
		SccProjectUniqueName4 = Xbim.DOM\\Xbim.DOM.csproj
		SccProjectName4 = Xbim.DOM
		SccAuxPath4 = https://tfs.codeplex.com/tfs/tfs13
		SccLocalPath4 = Xbim.DOM
		SccProvider4 = {4CA58AB2-18FA-4F8D-95D4-32DDF27D184C}
		SccProjectUniqueName5 = Xbim.Common\\Xbim.Common.csproj
		SccProjectName5 = Xbim.Common
		SccAuxPath5 = https://tfs.codeplex.com/tfs/tfs13
		SccLocalPath5 = Xbim.Common
		SccProvider5 = {4CA58AB2-18FA-4F8D-95D4-32DDF27D184C}
		SccProjectUniqueName6 = Xbim.Web.SceneJSWebViewer\\Xbim.SceneJSWebViewer.csproj
		SccProjectTopLevelParentUniqueName6 = XbimComplete.sln
		SccProjectName6 = Xbim.Web.SceneJSWebViewer
		SccAuxPath6 = https://tfs.codeplex.com/tfs/tfs13
		SccLocalPath6 = Xbim.Web.SceneJSWebViewer
		SccProvider6 = {4CA58AB2-18FA-4F8D-95D4-32DDF27D184C}
		SccProjectUniqueName7 = XbimConvert\\XbimConvert.csproj
		SccProjectTopLevelParentUniqueName7 = XbimComplete.sln
		SccProjectName7 = XbimConvert
		SccAuxPath7 = https://tfs.codeplex.com/tfs/tfs13
		SccLocalPath7 = XbimConvert
		SccProvider7 = {4CA58AB2-18FA-4F8D-95D4-32DDF27D184C}
		SccProjectUniqueName8 = Xbim.Tests\\Xbim.Tests.csproj
		SccProjectTopLevelParentUniqueName8 = XbimComplete.sln
		SccProjectName8 = Xbim.Tests
		SccAuxPath8 = https://tfs.codeplex.com/tfs/tfs13
		SccLocalPath8 = Xbim.Tests
		SccProvider8 = {4CA58AB2-18FA-4F8D-95D4-32DDF27D184C}
		SccProjectUniqueName9 = XbimRegression\\XbimRegression.csproj
		SccProjectTopLevelParentUniqueName9 = XbimComplete.sln
		SccProjectName9 = XbimRegression
		SccAuxPath9 = https://tfs.codeplex.com/tfs/tfs13
		SccLocalPath9 = XbimRegression
		SccProvider9 = {4CA58AB2-18FA-4F8D-95D4-32DDF27D184C}
		SccProjectUniqueName10 = Xbim.COBie\\Xbim.COBie.csproj
		SccProjectName10 = Xbim.COBie
		SccAuxPath10 = https://tfs.codeplex.com/tfs/tfs13
		SccLocalPath10 = Xbim.COBie
		SccProvider10 = {4CA58AB2-18FA-4F8D-95D4-32DDF27D184C}
		SccProjectUniqueName11 = XBim.COBie.Client\\Xbim.COBie.Client.csproj
		SccProjectTopLevelParentUniqueName11 = XbimComplete.sln
		SccProjectName11 = XBim.COBie.Client
		SccAuxPath11 = https://tfs.codeplex.com/tfs/tfs13
		SccLocalPath11 = XBim.COBie.Client
		SccProvider11 = {4CA58AB2-18FA-4F8D-95D4-32DDF27D184C}
		SccProjectUniqueName12 = CodeExamples\\CodeExamples.csproj
		SccProjectTopLevelParentUniqueName12 = XbimComplete.sln
		SccProjectName12 = CodeExamples
		SccAuxPath12 = https://tfs.codeplex.com/tfs/tfs13
		SccLocalPath12 = CodeExamples
		SccProvider12 = {4CA58AB2-18FA-4F8D-95D4-32DDF27D184C}
		SccProjectUniqueName13 = Xbim.Ifc2x3\\Xbim.Ifc2x3.csproj
		SccProjectName13 = Xbim.Ifc2x3
		SccAuxPath13 = https://tfs.codeplex.com/tfs/tfs13
		SccLocalPath13 = Xbim.Ifc2x3
		SccProvider13 = {4CA58AB2-18FA-4F8D-95D4-32DDF27D184C}
		SccProjectUniqueName14 = Xbim.Ifc.Extensions\\Xbim.Ifc2x3.Extensions.csproj
		SccProjectName14 = Xbim.Ifc.Extensions
		SccAuxPath14 = https://tfs.codeplex.com/tfs/tfs13
		SccLocalPath14 = Xbim.Ifc.Extensions
		SccProvider14 = {4CA58AB2-18FA-4F8D-95D4-32DDF27D184C}
		SccProjectUniqueName15 = Xbim.ModelGeometry.Converter\\Xbim.ModelGeometry.Converter.csproj
		SccProjectName15 = Xbim.ModelGeometry.Converter
		SccAuxPath15 = https://tfs.codeplex.com/tfs/tfs13
		SccLocalPath15 = Xbim.ModelGeometry.Converter
		SccProvider15 = {4CA58AB2-18FA-4F8D-95D4-32DDF27D184C}
		SccProjectUniqueName16 = Xbim.ModelGeometry.OCC\\Xbim.ModelGeometry.OCC.vcxproj
		SccProjectName16 = Xbim.ModelGeometry.OCC
		SccAuxPath16 = https://tfs.codeplex.com/tfs/tfs13
		SccLocalPath16 = Xbim.ModelGeometry.OCC
		SccProvider16 = {4CA58AB2-18FA-4F8D-95D4-32DDF27D184C}
	EndGlobalSection
	GlobalSection(TestCaseManagementSettings) = postSolution
		CategoryFile = XbimComplete.vsmdi
	EndGlobalSection
	GlobalSection(SolutionConfigurationPlatforms) = preSolution
		Debug|Any CPU = Debug|Any CPU
		Debug|Mixed Platforms = Debug|Mixed Platforms
		Debug|Win32 = Debug|Win32
		Debug|x64 = Debug|x64
		Debug|x86 = Debug|x86
		Release|Any CPU = Release|Any CPU
		Release|Mixed Platforms = Release|Mixed Platforms
		Release|Win32 = Release|Win32
		Release|x64 = Release|x64
		Release|x86 = Release|x86
	EndGlobalSection
	GlobalSection(ProjectConfigurationPlatforms) = postSolution
		{85856DF2-C8AB-4120-8A8D-AE05D2696B51}.Debug|Any CPU.ActiveCfg = Debug|Any CPU
		{85856DF2-C8AB-4120-8A8D-AE05D2696B51}.Debug|Any CPU.Build.0 = Debug|Any CPU
		{85856DF2-C8AB-4120-8A8D-AE05D2696B51}.Debug|Mixed Platforms.ActiveCfg = Debug|x86
		{85856DF2-C8AB-4120-8A8D-AE05D2696B51}.Debug|Mixed Platforms.Build.0 = Debug|x86
		{85856DF2-C8AB-4120-8A8D-AE05D2696B51}.Debug|Win32.ActiveCfg = Debug|x86
		{85856DF2-C8AB-4120-8A8D-AE05D2696B51}.Debug|Win32.Build.0 = Debug|x86
		{85856DF2-C8AB-4120-8A8D-AE05D2696B51}.Debug|x64.ActiveCfg = Debug|x64
		{85856DF2-C8AB-4120-8A8D-AE05D2696B51}.Debug|x64.Build.0 = Debug|x64
		{85856DF2-C8AB-4120-8A8D-AE05D2696B51}.Debug|x86.ActiveCfg = Debug|x86
		{85856DF2-C8AB-4120-8A8D-AE05D2696B51}.Debug|x86.Build.0 = Debug|x86
		{85856DF2-C8AB-4120-8A8D-AE05D2696B51}.Release|Any CPU.ActiveCfg = Release|Any CPU
		{85856DF2-C8AB-4120-8A8D-AE05D2696B51}.Release|Any CPU.Build.0 = Release|Any CPU
		{85856DF2-C8AB-4120-8A8D-AE05D2696B51}.Release|Mixed Platforms.ActiveCfg = Release|x86
		{85856DF2-C8AB-4120-8A8D-AE05D2696B51}.Release|Mixed Platforms.Build.0 = Release|x86
		{85856DF2-C8AB-4120-8A8D-AE05D2696B51}.Release|Win32.ActiveCfg = Release|x86
		{85856DF2-C8AB-4120-8A8D-AE05D2696B51}.Release|Win32.Build.0 = Release|x86
		{85856DF2-C8AB-4120-8A8D-AE05D2696B51}.Release|x64.ActiveCfg = Release|x64
		{85856DF2-C8AB-4120-8A8D-AE05D2696B51}.Release|x64.Build.0 = Release|x64
		{85856DF2-C8AB-4120-8A8D-AE05D2696B51}.Release|x86.ActiveCfg = Release|x86
		{85856DF2-C8AB-4120-8A8D-AE05D2696B51}.Release|x86.Build.0 = Release|x86
		{89F98E53-DE4E-4427-8244-D5934AD08849}.Debug|Any CPU.ActiveCfg = Debug|Any CPU
		{89F98E53-DE4E-4427-8244-D5934AD08849}.Debug|Mixed Platforms.ActiveCfg = Debug|x86
		{89F98E53-DE4E-4427-8244-D5934AD08849}.Debug|Mixed Platforms.Build.0 = Debug|x86
		{89F98E53-DE4E-4427-8244-D5934AD08849}.Debug|Win32.ActiveCfg = Debug|x86
		{89F98E53-DE4E-4427-8244-D5934AD08849}.Debug|Win32.Build.0 = Debug|x86
		{89F98E53-DE4E-4427-8244-D5934AD08849}.Debug|x64.ActiveCfg = Debug|x64
		{89F98E53-DE4E-4427-8244-D5934AD08849}.Debug|x64.Build.0 = Debug|x64
		{89F98E53-DE4E-4427-8244-D5934AD08849}.Debug|x86.ActiveCfg = Debug|x86
		{89F98E53-DE4E-4427-8244-D5934AD08849}.Debug|x86.Build.0 = Debug|x86
		{89F98E53-DE4E-4427-8244-D5934AD08849}.Release|Any CPU.ActiveCfg = Release|Any CPU
		{89F98E53-DE4E-4427-8244-D5934AD08849}.Release|Any CPU.Build.0 = Release|Any CPU
		{89F98E53-DE4E-4427-8244-D5934AD08849}.Release|Mixed Platforms.ActiveCfg = Release|x86
		{89F98E53-DE4E-4427-8244-D5934AD08849}.Release|Mixed Platforms.Build.0 = Release|x86
		{89F98E53-DE4E-4427-8244-D5934AD08849}.Release|Win32.ActiveCfg = Release|x86
		{89F98E53-DE4E-4427-8244-D5934AD08849}.Release|Win32.Build.0 = Release|x86
		{89F98E53-DE4E-4427-8244-D5934AD08849}.Release|x64.ActiveCfg = Release|x64
		{89F98E53-DE4E-4427-8244-D5934AD08849}.Release|x64.Build.0 = Release|x64
		{89F98E53-DE4E-4427-8244-D5934AD08849}.Release|x86.ActiveCfg = Release|x86
		{89F98E53-DE4E-4427-8244-D5934AD08849}.Release|x86.Build.0 = Release|x86
		{D6CED5D7-BE37-4A32-90A5-1444C9FFDD91}.Debug|Any CPU.ActiveCfg = Debug|Any CPU
		{D6CED5D7-BE37-4A32-90A5-1444C9FFDD91}.Debug|Any CPU.Build.0 = Debug|Any CPU
		{D6CED5D7-BE37-4A32-90A5-1444C9FFDD91}.Debug|Mixed Platforms.ActiveCfg = Debug|x86
		{D6CED5D7-BE37-4A32-90A5-1444C9FFDD91}.Debug|Mixed Platforms.Build.0 = Debug|x86
		{D6CED5D7-BE37-4A32-90A5-1444C9FFDD91}.Debug|Win32.ActiveCfg = Debug|x86
		{D6CED5D7-BE37-4A32-90A5-1444C9FFDD91}.Debug|Win32.Build.0 = Debug|x86
		{D6CED5D7-BE37-4A32-90A5-1444C9FFDD91}.Debug|x64.ActiveCfg = Debug|x64
		{D6CED5D7-BE37-4A32-90A5-1444C9FFDD91}.Debug|x64.Build.0 = Debug|x64
		{D6CED5D7-BE37-4A32-90A5-1444C9FFDD91}.Debug|x86.ActiveCfg = Debug|x86
		{D6CED5D7-BE37-4A32-90A5-1444C9FFDD91}.Debug|x86.Build.0 = Debug|x86
		{D6CED5D7-BE37-4A32-90A5-1444C9FFDD91}.Release|Any CPU.ActiveCfg = Release|Any CPU
		{D6CED5D7-BE37-4A32-90A5-1444C9FFDD91}.Release|Mixed Platforms.ActiveCfg = Release|x86
		{D6CED5D7-BE37-4A32-90A5-1444C9FFDD91}.Release|Mixed Platforms.Build.0 = Release|x86
		{D6CED5D7-BE37-4A32-90A5-1444C9FFDD91}.Release|Win32.ActiveCfg = Release|x86
		{D6CED5D7-BE37-4A32-90A5-1444C9FFDD91}.Release|Win32.Build.0 = Release|x86
		{D6CED5D7-BE37-4A32-90A5-1444C9FFDD91}.Release|x64.ActiveCfg = Release|x64
		{D6CED5D7-BE37-4A32-90A5-1444C9FFDD91}.Release|x64.Build.0 = Release|x64
		{D6CED5D7-BE37-4A32-90A5-1444C9FFDD91}.Release|x86.ActiveCfg = Release|x86
		{D6CED5D7-BE37-4A32-90A5-1444C9FFDD91}.Release|x86.Build.0 = Release|x86
		{3D9D37DE-A254-4433-B172-7590CBD84C69}.Debug|Any CPU.ActiveCfg = Debug|Any CPU
		{3D9D37DE-A254-4433-B172-7590CBD84C69}.Debug|Any CPU.Build.0 = Debug|Any CPU
		{3D9D37DE-A254-4433-B172-7590CBD84C69}.Debug|Mixed Platforms.ActiveCfg = Debug|x86
		{3D9D37DE-A254-4433-B172-7590CBD84C69}.Debug|Mixed Platforms.Build.0 = Debug|x86
		{3D9D37DE-A254-4433-B172-7590CBD84C69}.Debug|Win32.ActiveCfg = Debug|x86
		{3D9D37DE-A254-4433-B172-7590CBD84C69}.Debug|Win32.Build.0 = Debug|x86
		{3D9D37DE-A254-4433-B172-7590CBD84C69}.Debug|x64.ActiveCfg = Debug|x64
		{3D9D37DE-A254-4433-B172-7590CBD84C69}.Debug|x64.Build.0 = Debug|x64
		{3D9D37DE-A254-4433-B172-7590CBD84C69}.Debug|x86.ActiveCfg = Debug|x86
		{3D9D37DE-A254-4433-B172-7590CBD84C69}.Debug|x86.Build.0 = Debug|x86
		{3D9D37DE-A254-4433-B172-7590CBD84C69}.Release|Any CPU.ActiveCfg = Release|Any CPU
		{3D9D37DE-A254-4433-B172-7590CBD84C69}.Release|Any CPU.Build.0 = Release|Any CPU
		{3D9D37DE-A254-4433-B172-7590CBD84C69}.Release|Mixed Platforms.ActiveCfg = Release|x86
		{3D9D37DE-A254-4433-B172-7590CBD84C69}.Release|Mixed Platforms.Build.0 = Release|x86
		{3D9D37DE-A254-4433-B172-7590CBD84C69}.Release|Win32.ActiveCfg = Release|x86
		{3D9D37DE-A254-4433-B172-7590CBD84C69}.Release|Win32.Build.0 = Release|x86
		{3D9D37DE-A254-4433-B172-7590CBD84C69}.Release|x64.ActiveCfg = Release|x64
		{3D9D37DE-A254-4433-B172-7590CBD84C69}.Release|x64.Build.0 = Release|x64
		{3D9D37DE-A254-4433-B172-7590CBD84C69}.Release|x86.ActiveCfg = Release|x86
		{3D9D37DE-A254-4433-B172-7590CBD84C69}.Release|x86.Build.0 = Release|x86
		{B0E3E6A5-119C-4EFE-9796-EE131B2E278A}.Debug|Any CPU.ActiveCfg = Debug|Any CPU
		{B0E3E6A5-119C-4EFE-9796-EE131B2E278A}.Debug|Any CPU.Build.0 = Debug|Any CPU
		{B0E3E6A5-119C-4EFE-9796-EE131B2E278A}.Debug|Mixed Platforms.ActiveCfg = Debug|x86
		{B0E3E6A5-119C-4EFE-9796-EE131B2E278A}.Debug|Mixed Platforms.Build.0 = Debug|x86
		{B0E3E6A5-119C-4EFE-9796-EE131B2E278A}.Debug|Win32.ActiveCfg = Debug|x86
		{B0E3E6A5-119C-4EFE-9796-EE131B2E278A}.Debug|Win32.Build.0 = Debug|x86
		{B0E3E6A5-119C-4EFE-9796-EE131B2E278A}.Debug|x64.ActiveCfg = Debug|x64
		{B0E3E6A5-119C-4EFE-9796-EE131B2E278A}.Debug|x64.Build.0 = Debug|x64
		{B0E3E6A5-119C-4EFE-9796-EE131B2E278A}.Debug|x86.ActiveCfg = Debug|x86
		{B0E3E6A5-119C-4EFE-9796-EE131B2E278A}.Debug|x86.Build.0 = Debug|x86
		{B0E3E6A5-119C-4EFE-9796-EE131B2E278A}.Release|Any CPU.ActiveCfg = Release|Any CPU
		{B0E3E6A5-119C-4EFE-9796-EE131B2E278A}.Release|Any CPU.Build.0 = Release|Any CPU
		{B0E3E6A5-119C-4EFE-9796-EE131B2E278A}.Release|Mixed Platforms.ActiveCfg = Release|x86
		{B0E3E6A5-119C-4EFE-9796-EE131B2E278A}.Release|Mixed Platforms.Build.0 = Release|x86
		{B0E3E6A5-119C-4EFE-9796-EE131B2E278A}.Release|Win32.ActiveCfg = Release|x86
		{B0E3E6A5-119C-4EFE-9796-EE131B2E278A}.Release|Win32.Build.0 = Release|x86
		{B0E3E6A5-119C-4EFE-9796-EE131B2E278A}.Release|x64.ActiveCfg = Release|x64
		{B0E3E6A5-119C-4EFE-9796-EE131B2E278A}.Release|x64.Build.0 = Release|x64
		{B0E3E6A5-119C-4EFE-9796-EE131B2E278A}.Release|x86.ActiveCfg = Release|x86
		{B0E3E6A5-119C-4EFE-9796-EE131B2E278A}.Release|x86.Build.0 = Release|x86
		{6745F5AC-AF3C-4372-81AA-A75E7B1FA03B}.Debug|Any CPU.ActiveCfg = Debug|Any CPU
		{6745F5AC-AF3C-4372-81AA-A75E7B1FA03B}.Debug|Any CPU.Build.0 = Debug|Any CPU
		{6745F5AC-AF3C-4372-81AA-A75E7B1FA03B}.Debug|Mixed Platforms.ActiveCfg = Debug|x86
		{6745F5AC-AF3C-4372-81AA-A75E7B1FA03B}.Debug|Mixed Platforms.Build.0 = Debug|x86
		{6745F5AC-AF3C-4372-81AA-A75E7B1FA03B}.Debug|Win32.ActiveCfg = Debug|x86
		{6745F5AC-AF3C-4372-81AA-A75E7B1FA03B}.Debug|Win32.Build.0 = Debug|x86
		{6745F5AC-AF3C-4372-81AA-A75E7B1FA03B}.Debug|x64.ActiveCfg = Debug|x64
		{6745F5AC-AF3C-4372-81AA-A75E7B1FA03B}.Debug|x64.Build.0 = Debug|x64
		{6745F5AC-AF3C-4372-81AA-A75E7B1FA03B}.Debug|x86.ActiveCfg = Debug|x86
		{6745F5AC-AF3C-4372-81AA-A75E7B1FA03B}.Debug|x86.Build.0 = Debug|x86
		{6745F5AC-AF3C-4372-81AA-A75E7B1FA03B}.Release|Any CPU.ActiveCfg = Release|Any CPU
		{6745F5AC-AF3C-4372-81AA-A75E7B1FA03B}.Release|Any CPU.Build.0 = Release|Any CPU
		{6745F5AC-AF3C-4372-81AA-A75E7B1FA03B}.Release|Mixed Platforms.ActiveCfg = Release|x86
		{6745F5AC-AF3C-4372-81AA-A75E7B1FA03B}.Release|Mixed Platforms.Build.0 = Release|x86
		{6745F5AC-AF3C-4372-81AA-A75E7B1FA03B}.Release|Win32.ActiveCfg = Release|x86
		{6745F5AC-AF3C-4372-81AA-A75E7B1FA03B}.Release|Win32.Build.0 = Release|x86
		{6745F5AC-AF3C-4372-81AA-A75E7B1FA03B}.Release|x64.ActiveCfg = Release|x64
		{6745F5AC-AF3C-4372-81AA-A75E7B1FA03B}.Release|x64.Build.0 = Release|x64
		{6745F5AC-AF3C-4372-81AA-A75E7B1FA03B}.Release|x86.ActiveCfg = Release|x86
		{6745F5AC-AF3C-4372-81AA-A75E7B1FA03B}.Release|x86.Build.0 = Release|x86
		{219A127E-82B8-43A1-8959-7102E4724F8F}.Debug|Any CPU.ActiveCfg = Debug|Any CPU
		{219A127E-82B8-43A1-8959-7102E4724F8F}.Debug|Any CPU.Build.0 = Debug|Any CPU
		{219A127E-82B8-43A1-8959-7102E4724F8F}.Debug|Mixed Platforms.ActiveCfg = Debug|x86
		{219A127E-82B8-43A1-8959-7102E4724F8F}.Debug|Mixed Platforms.Build.0 = Debug|x86
		{219A127E-82B8-43A1-8959-7102E4724F8F}.Debug|Win32.ActiveCfg = Debug|x86
		{219A127E-82B8-43A1-8959-7102E4724F8F}.Debug|Win32.Build.0 = Debug|x86
		{219A127E-82B8-43A1-8959-7102E4724F8F}.Debug|x64.ActiveCfg = Debug|x64
		{219A127E-82B8-43A1-8959-7102E4724F8F}.Debug|x64.Build.0 = Debug|x64
		{219A127E-82B8-43A1-8959-7102E4724F8F}.Debug|x86.ActiveCfg = Debug|x86
		{219A127E-82B8-43A1-8959-7102E4724F8F}.Debug|x86.Build.0 = Debug|x86
		{219A127E-82B8-43A1-8959-7102E4724F8F}.Release|Any CPU.ActiveCfg = Release|Any CPU
		{219A127E-82B8-43A1-8959-7102E4724F8F}.Release|Any CPU.Build.0 = Release|Any CPU
		{219A127E-82B8-43A1-8959-7102E4724F8F}.Release|Mixed Platforms.ActiveCfg = Release|x86
		{219A127E-82B8-43A1-8959-7102E4724F8F}.Release|Mixed Platforms.Build.0 = Release|x86
		{219A127E-82B8-43A1-8959-7102E4724F8F}.Release|Win32.ActiveCfg = Release|x86
		{219A127E-82B8-43A1-8959-7102E4724F8F}.Release|Win32.Build.0 = Release|x86
		{219A127E-82B8-43A1-8959-7102E4724F8F}.Release|x64.ActiveCfg = Release|x64
		{219A127E-82B8-43A1-8959-7102E4724F8F}.Release|x64.Build.0 = Release|x64
		{219A127E-82B8-43A1-8959-7102E4724F8F}.Release|x86.ActiveCfg = Release|x86
		{219A127E-82B8-43A1-8959-7102E4724F8F}.Release|x86.Build.0 = Release|x86
		{5B6AC153-AC56-4B01-8734-88EAB805A6DB}.Debug|Any CPU.ActiveCfg = Debug|Any CPU
		{5B6AC153-AC56-4B01-8734-88EAB805A6DB}.Debug|Mixed Platforms.ActiveCfg = Debug|x86
		{5B6AC153-AC56-4B01-8734-88EAB805A6DB}.Debug|Mixed Platforms.Build.0 = Debug|x86
		{5B6AC153-AC56-4B01-8734-88EAB805A6DB}.Debug|Win32.ActiveCfg = Debug|x86
		{5B6AC153-AC56-4B01-8734-88EAB805A6DB}.Debug|Win32.Build.0 = Debug|x86
		{5B6AC153-AC56-4B01-8734-88EAB805A6DB}.Debug|x64.ActiveCfg = Debug|x64
		{5B6AC153-AC56-4B01-8734-88EAB805A6DB}.Debug|x64.Build.0 = Debug|x64
		{5B6AC153-AC56-4B01-8734-88EAB805A6DB}.Debug|x86.ActiveCfg = Debug|x86
		{5B6AC153-AC56-4B01-8734-88EAB805A6DB}.Debug|x86.Build.0 = Debug|x86
		{5B6AC153-AC56-4B01-8734-88EAB805A6DB}.Release|Any CPU.ActiveCfg = Release|Any CPU
		{5B6AC153-AC56-4B01-8734-88EAB805A6DB}.Release|Mixed Platforms.ActiveCfg = Release|x86
		{5B6AC153-AC56-4B01-8734-88EAB805A6DB}.Release|Mixed Platforms.Build.0 = Release|x86
		{5B6AC153-AC56-4B01-8734-88EAB805A6DB}.Release|Win32.ActiveCfg = Release|x86
		{5B6AC153-AC56-4B01-8734-88EAB805A6DB}.Release|Win32.Build.0 = Release|x86
		{5B6AC153-AC56-4B01-8734-88EAB805A6DB}.Release|x64.ActiveCfg = Release|x64
		{5B6AC153-AC56-4B01-8734-88EAB805A6DB}.Release|x64.Build.0 = Release|x64
		{5B6AC153-AC56-4B01-8734-88EAB805A6DB}.Release|x86.ActiveCfg = Release|x86
		{5B6AC153-AC56-4B01-8734-88EAB805A6DB}.Release|x86.Build.0 = Release|x86
		{8729CDD1-B493-48EC-A867-61ABAF3E93D2}.Debug|Any CPU.ActiveCfg = Debug|Any CPU
		{8729CDD1-B493-48EC-A867-61ABAF3E93D2}.Debug|Mixed Platforms.ActiveCfg = Debug|x86
		{8729CDD1-B493-48EC-A867-61ABAF3E93D2}.Debug|Mixed Platforms.Build.0 = Debug|x86
		{8729CDD1-B493-48EC-A867-61ABAF3E93D2}.Debug|Win32.ActiveCfg = Debug|x86
		{8729CDD1-B493-48EC-A867-61ABAF3E93D2}.Debug|Win32.Build.0 = Debug|x86
		{8729CDD1-B493-48EC-A867-61ABAF3E93D2}.Debug|x64.ActiveCfg = Debug|x64
		{8729CDD1-B493-48EC-A867-61ABAF3E93D2}.Debug|x64.Build.0 = Debug|x64
		{8729CDD1-B493-48EC-A867-61ABAF3E93D2}.Debug|x86.ActiveCfg = Debug|x86
		{8729CDD1-B493-48EC-A867-61ABAF3E93D2}.Debug|x86.Build.0 = Debug|x86
		{8729CDD1-B493-48EC-A867-61ABAF3E93D2}.Release|Any CPU.ActiveCfg = Release|Any CPU
		{8729CDD1-B493-48EC-A867-61ABAF3E93D2}.Release|Any CPU.Build.0 = Release|Any CPU
		{8729CDD1-B493-48EC-A867-61ABAF3E93D2}.Release|Mixed Platforms.ActiveCfg = Release|x86
		{8729CDD1-B493-48EC-A867-61ABAF3E93D2}.Release|Mixed Platforms.Build.0 = Release|x86
		{8729CDD1-B493-48EC-A867-61ABAF3E93D2}.Release|Win32.ActiveCfg = Release|x86
		{8729CDD1-B493-48EC-A867-61ABAF3E93D2}.Release|Win32.Build.0 = Release|x86
		{8729CDD1-B493-48EC-A867-61ABAF3E93D2}.Release|x64.ActiveCfg = Release|x64
		{8729CDD1-B493-48EC-A867-61ABAF3E93D2}.Release|x64.Build.0 = Release|x64
		{8729CDD1-B493-48EC-A867-61ABAF3E93D2}.Release|x86.ActiveCfg = Release|x86
		{8729CDD1-B493-48EC-A867-61ABAF3E93D2}.Release|x86.Build.0 = Release|x86
		{6EF22FB8-7048-4E6A-9B2F-AC2570A998A9}.Debug|Any CPU.ActiveCfg = Debug|Any CPU
		{6EF22FB8-7048-4E6A-9B2F-AC2570A998A9}.Debug|Mixed Platforms.ActiveCfg = Debug|x86
		{6EF22FB8-7048-4E6A-9B2F-AC2570A998A9}.Debug|Mixed Platforms.Build.0 = Debug|x86
		{6EF22FB8-7048-4E6A-9B2F-AC2570A998A9}.Debug|Win32.ActiveCfg = Debug|x86
		{6EF22FB8-7048-4E6A-9B2F-AC2570A998A9}.Debug|Win32.Build.0 = Debug|x86
		{6EF22FB8-7048-4E6A-9B2F-AC2570A998A9}.Debug|x64.ActiveCfg = Debug|x64
		{6EF22FB8-7048-4E6A-9B2F-AC2570A998A9}.Debug|x64.Build.0 = Debug|x64
		{6EF22FB8-7048-4E6A-9B2F-AC2570A998A9}.Debug|x86.ActiveCfg = Debug|x86
		{6EF22FB8-7048-4E6A-9B2F-AC2570A998A9}.Debug|x86.Build.0 = Debug|x86
		{6EF22FB8-7048-4E6A-9B2F-AC2570A998A9}.Release|Any CPU.ActiveCfg = Release|Any CPU
		{6EF22FB8-7048-4E6A-9B2F-AC2570A998A9}.Release|Any CPU.Build.0 = Release|Any CPU
		{6EF22FB8-7048-4E6A-9B2F-AC2570A998A9}.Release|Mixed Platforms.ActiveCfg = Release|x86
		{6EF22FB8-7048-4E6A-9B2F-AC2570A998A9}.Release|Mixed Platforms.Build.0 = Release|x86
		{6EF22FB8-7048-4E6A-9B2F-AC2570A998A9}.Release|Win32.ActiveCfg = Release|x86
		{6EF22FB8-7048-4E6A-9B2F-AC2570A998A9}.Release|Win32.Build.0 = Release|x86
		{6EF22FB8-7048-4E6A-9B2F-AC2570A998A9}.Release|x64.ActiveCfg = Release|x64
		{6EF22FB8-7048-4E6A-9B2F-AC2570A998A9}.Release|x64.Build.0 = Release|x64
		{6EF22FB8-7048-4E6A-9B2F-AC2570A998A9}.Release|x86.ActiveCfg = Release|x86
		{6EF22FB8-7048-4E6A-9B2F-AC2570A998A9}.Release|x86.Build.0 = Release|x86
		{7DA8C61A-ACCA-45CB-B688-93A4982FA44C}.Debug|Any CPU.ActiveCfg = Debug|Any CPU
		{7DA8C61A-ACCA-45CB-B688-93A4982FA44C}.Debug|Any CPU.Build.0 = Debug|Any CPU
		{7DA8C61A-ACCA-45CB-B688-93A4982FA44C}.Debug|Mixed Platforms.ActiveCfg = Debug|x86
		{7DA8C61A-ACCA-45CB-B688-93A4982FA44C}.Debug|Mixed Platforms.Build.0 = Debug|x86
		{7DA8C61A-ACCA-45CB-B688-93A4982FA44C}.Debug|Win32.ActiveCfg = Debug|x86
		{7DA8C61A-ACCA-45CB-B688-93A4982FA44C}.Debug|Win32.Build.0 = Debug|x86
		{7DA8C61A-ACCA-45CB-B688-93A4982FA44C}.Debug|x64.ActiveCfg = Debug|x64
		{7DA8C61A-ACCA-45CB-B688-93A4982FA44C}.Debug|x64.Build.0 = Debug|x64
		{7DA8C61A-ACCA-45CB-B688-93A4982FA44C}.Debug|x86.ActiveCfg = Debug|x86
		{7DA8C61A-ACCA-45CB-B688-93A4982FA44C}.Debug|x86.Build.0 = Debug|x86
		{7DA8C61A-ACCA-45CB-B688-93A4982FA44C}.Release|Any CPU.ActiveCfg = Release|Any CPU
		{7DA8C61A-ACCA-45CB-B688-93A4982FA44C}.Release|Any CPU.Build.0 = Release|Any CPU
		{7DA8C61A-ACCA-45CB-B688-93A4982FA44C}.Release|Mixed Platforms.ActiveCfg = Release|x86
		{7DA8C61A-ACCA-45CB-B688-93A4982FA44C}.Release|Mixed Platforms.Build.0 = Release|x86
		{7DA8C61A-ACCA-45CB-B688-93A4982FA44C}.Release|Win32.ActiveCfg = Release|x86
		{7DA8C61A-ACCA-45CB-B688-93A4982FA44C}.Release|Win32.Build.0 = Release|x86
		{7DA8C61A-ACCA-45CB-B688-93A4982FA44C}.Release|x64.ActiveCfg = Release|x64
		{7DA8C61A-ACCA-45CB-B688-93A4982FA44C}.Release|x64.Build.0 = Release|x64
		{7DA8C61A-ACCA-45CB-B688-93A4982FA44C}.Release|x86.ActiveCfg = Release|x86
		{7DA8C61A-ACCA-45CB-B688-93A4982FA44C}.Release|x86.Build.0 = Release|x86
		{FB5A1829-7B34-4DE9-94A9-AF3AD36320BB}.Debug|Any CPU.ActiveCfg = Debug|Any CPU
		{FB5A1829-7B34-4DE9-94A9-AF3AD36320BB}.Debug|Mixed Platforms.ActiveCfg = Debug|x86
		{FB5A1829-7B34-4DE9-94A9-AF3AD36320BB}.Debug|Mixed Platforms.Build.0 = Debug|x86
		{FB5A1829-7B34-4DE9-94A9-AF3AD36320BB}.Debug|Win32.ActiveCfg = Debug|x86
		{FB5A1829-7B34-4DE9-94A9-AF3AD36320BB}.Debug|Win32.Build.0 = Debug|x86
		{FB5A1829-7B34-4DE9-94A9-AF3AD36320BB}.Debug|x64.ActiveCfg = Debug|x64
		{FB5A1829-7B34-4DE9-94A9-AF3AD36320BB}.Debug|x64.Build.0 = Debug|x64
		{FB5A1829-7B34-4DE9-94A9-AF3AD36320BB}.Debug|x86.ActiveCfg = Debug|x86
		{FB5A1829-7B34-4DE9-94A9-AF3AD36320BB}.Debug|x86.Build.0 = Debug|x86
		{FB5A1829-7B34-4DE9-94A9-AF3AD36320BB}.Release|Any CPU.ActiveCfg = Release|Any CPU
		{FB5A1829-7B34-4DE9-94A9-AF3AD36320BB}.Release|Any CPU.Build.0 = Release|Any CPU
		{FB5A1829-7B34-4DE9-94A9-AF3AD36320BB}.Release|Mixed Platforms.ActiveCfg = Release|x86
		{FB5A1829-7B34-4DE9-94A9-AF3AD36320BB}.Release|Mixed Platforms.Build.0 = Release|x86
		{FB5A1829-7B34-4DE9-94A9-AF3AD36320BB}.Release|Win32.ActiveCfg = Release|x86
		{FB5A1829-7B34-4DE9-94A9-AF3AD36320BB}.Release|Win32.Build.0 = Release|x86
		{FB5A1829-7B34-4DE9-94A9-AF3AD36320BB}.Release|x64.ActiveCfg = Release|x64
		{FB5A1829-7B34-4DE9-94A9-AF3AD36320BB}.Release|x64.Build.0 = Release|x64
		{FB5A1829-7B34-4DE9-94A9-AF3AD36320BB}.Release|x86.ActiveCfg = Release|x86
		{FB5A1829-7B34-4DE9-94A9-AF3AD36320BB}.Release|x86.Build.0 = Release|x86
		{9FD894A7-6637-4BF0-A0EA-D654CEB0E234}.Debug|Any CPU.ActiveCfg = Debug|x86
		{9FD894A7-6637-4BF0-A0EA-D654CEB0E234}.Debug|Mixed Platforms.ActiveCfg = Debug|x86
		{9FD894A7-6637-4BF0-A0EA-D654CEB0E234}.Debug|Mixed Platforms.Build.0 = Debug|x86
		{9FD894A7-6637-4BF0-A0EA-D654CEB0E234}.Debug|Win32.ActiveCfg = Debug|x86
		{9FD894A7-6637-4BF0-A0EA-D654CEB0E234}.Debug|Win32.Build.0 = Debug|x86
		{9FD894A7-6637-4BF0-A0EA-D654CEB0E234}.Debug|x64.ActiveCfg = Debug|x64
		{9FD894A7-6637-4BF0-A0EA-D654CEB0E234}.Debug|x64.Build.0 = Debug|x64
		{9FD894A7-6637-4BF0-A0EA-D654CEB0E234}.Debug|x86.ActiveCfg = Debug|x86
		{9FD894A7-6637-4BF0-A0EA-D654CEB0E234}.Debug|x86.Build.0 = Debug|x86
		{9FD894A7-6637-4BF0-A0EA-D654CEB0E234}.Release|Any CPU.ActiveCfg = Release|x86
		{9FD894A7-6637-4BF0-A0EA-D654CEB0E234}.Release|Mixed Platforms.ActiveCfg = Release|x86
		{9FD894A7-6637-4BF0-A0EA-D654CEB0E234}.Release|Mixed Platforms.Build.0 = Release|x86
		{9FD894A7-6637-4BF0-A0EA-D654CEB0E234}.Release|Win32.ActiveCfg = Release|x86
		{9FD894A7-6637-4BF0-A0EA-D654CEB0E234}.Release|Win32.Build.0 = Release|x86
		{9FD894A7-6637-4BF0-A0EA-D654CEB0E234}.Release|x64.ActiveCfg = Release|x64
		{9FD894A7-6637-4BF0-A0EA-D654CEB0E234}.Release|x64.Build.0 = Release|x64
		{9FD894A7-6637-4BF0-A0EA-D654CEB0E234}.Release|x86.ActiveCfg = Release|x86
		{9FD894A7-6637-4BF0-A0EA-D654CEB0E234}.Release|x86.Build.0 = Release|x86
		{4B8F7099-19FA-4510-9698-CCFD89B5D4D2}.Debug|Any CPU.ActiveCfg = Debug|Any CPU
		{4B8F7099-19FA-4510-9698-CCFD89B5D4D2}.Debug|Any CPU.Build.0 = Debug|Any CPU
		{4B8F7099-19FA-4510-9698-CCFD89B5D4D2}.Debug|Mixed Platforms.ActiveCfg = Debug|x86
		{4B8F7099-19FA-4510-9698-CCFD89B5D4D2}.Debug|Mixed Platforms.Build.0 = Debug|x86
		{4B8F7099-19FA-4510-9698-CCFD89B5D4D2}.Debug|Win32.ActiveCfg = Debug|x86
		{4B8F7099-19FA-4510-9698-CCFD89B5D4D2}.Debug|Win32.Build.0 = Debug|x86
		{4B8F7099-19FA-4510-9698-CCFD89B5D4D2}.Debug|x64.ActiveCfg = Debug|x64
		{4B8F7099-19FA-4510-9698-CCFD89B5D4D2}.Debug|x64.Build.0 = Debug|x64
		{4B8F7099-19FA-4510-9698-CCFD89B5D4D2}.Debug|x86.ActiveCfg = Debug|x86
		{4B8F7099-19FA-4510-9698-CCFD89B5D4D2}.Debug|x86.Build.0 = Debug|x86
		{4B8F7099-19FA-4510-9698-CCFD89B5D4D2}.Release|Any CPU.ActiveCfg = Release|Any CPU
		{4B8F7099-19FA-4510-9698-CCFD89B5D4D2}.Release|Any CPU.Build.0 = Release|Any CPU
		{4B8F7099-19FA-4510-9698-CCFD89B5D4D2}.Release|Mixed Platforms.ActiveCfg = Release|x86
		{4B8F7099-19FA-4510-9698-CCFD89B5D4D2}.Release|Mixed Platforms.Build.0 = Release|x86
		{4B8F7099-19FA-4510-9698-CCFD89B5D4D2}.Release|Win32.ActiveCfg = Release|x86
		{4B8F7099-19FA-4510-9698-CCFD89B5D4D2}.Release|Win32.Build.0 = Release|x86
		{4B8F7099-19FA-4510-9698-CCFD89B5D4D2}.Release|x64.ActiveCfg = Release|x64
		{4B8F7099-19FA-4510-9698-CCFD89B5D4D2}.Release|x64.Build.0 = Release|x64
		{4B8F7099-19FA-4510-9698-CCFD89B5D4D2}.Release|x86.ActiveCfg = Release|x86
		{5D4C907D-1293-4E5F-9642-D0862AE4741C}.Debug|Any CPU.ActiveCfg = Debug|Any CPU
		{5D4C907D-1293-4E5F-9642-D0862AE4741C}.Debug|Any CPU.Build.0 = Debug|Any CPU
		{5D4C907D-1293-4E5F-9642-D0862AE4741C}.Debug|Mixed Platforms.ActiveCfg = Debug|x86
		{5D4C907D-1293-4E5F-9642-D0862AE4741C}.Debug|Mixed Platforms.Build.0 = Debug|x86
		{5D4C907D-1293-4E5F-9642-D0862AE4741C}.Debug|Win32.ActiveCfg = Debug|x86
		{5D4C907D-1293-4E5F-9642-D0862AE4741C}.Debug|Win32.Build.0 = Debug|x86
		{5D4C907D-1293-4E5F-9642-D0862AE4741C}.Debug|x64.ActiveCfg = Debug|x64
		{5D4C907D-1293-4E5F-9642-D0862AE4741C}.Debug|x64.Build.0 = Debug|x64
		{5D4C907D-1293-4E5F-9642-D0862AE4741C}.Debug|x86.ActiveCfg = Debug|x86
		{5D4C907D-1293-4E5F-9642-D0862AE4741C}.Debug|x86.Build.0 = Debug|x86
		{5D4C907D-1293-4E5F-9642-D0862AE4741C}.Release|Any CPU.ActiveCfg = Release|Any CPU
		{5D4C907D-1293-4E5F-9642-D0862AE4741C}.Release|Any CPU.Build.0 = Release|Any CPU
		{5D4C907D-1293-4E5F-9642-D0862AE4741C}.Release|Mixed Platforms.ActiveCfg = Release|x86
		{5D4C907D-1293-4E5F-9642-D0862AE4741C}.Release|Mixed Platforms.Build.0 = Release|x86
		{5D4C907D-1293-4E5F-9642-D0862AE4741C}.Release|Win32.ActiveCfg = Release|x86
		{5D4C907D-1293-4E5F-9642-D0862AE4741C}.Release|Win32.Build.0 = Release|x86
		{5D4C907D-1293-4E5F-9642-D0862AE4741C}.Release|x64.ActiveCfg = Release|x64
		{5D4C907D-1293-4E5F-9642-D0862AE4741C}.Release|x64.Build.0 = Release|x64
		{5D4C907D-1293-4E5F-9642-D0862AE4741C}.Release|x86.ActiveCfg = Release|x86
		{5D4C907D-1293-4E5F-9642-D0862AE4741C}.Release|x86.Build.0 = Release|x86
		{09870F18-1796-4A3E-A66D-68DB3DA60B24}.Debug|Any CPU.ActiveCfg = Debug|Any CPU
		{09870F18-1796-4A3E-A66D-68DB3DA60B24}.Debug|Any CPU.Build.0 = Debug|Any CPU
		{09870F18-1796-4A3E-A66D-68DB3DA60B24}.Debug|Mixed Platforms.ActiveCfg = Debug|x86
		{09870F18-1796-4A3E-A66D-68DB3DA60B24}.Debug|Mixed Platforms.Build.0 = Debug|x86
		{09870F18-1796-4A3E-A66D-68DB3DA60B24}.Debug|Win32.ActiveCfg = Debug|x86
		{09870F18-1796-4A3E-A66D-68DB3DA60B24}.Debug|Win32.Build.0 = Debug|x86
		{09870F18-1796-4A3E-A66D-68DB3DA60B24}.Debug|x64.ActiveCfg = Debug|x64
		{09870F18-1796-4A3E-A66D-68DB3DA60B24}.Debug|x64.Build.0 = Debug|x64
		{09870F18-1796-4A3E-A66D-68DB3DA60B24}.Debug|x86.ActiveCfg = Debug|x86
		{09870F18-1796-4A3E-A66D-68DB3DA60B24}.Debug|x86.Build.0 = Debug|x86
		{09870F18-1796-4A3E-A66D-68DB3DA60B24}.Release|Any CPU.ActiveCfg = Release|Any CPU
		{09870F18-1796-4A3E-A66D-68DB3DA60B24}.Release|Any CPU.Build.0 = Release|Any CPU
		{09870F18-1796-4A3E-A66D-68DB3DA60B24}.Release|Mixed Platforms.ActiveCfg = Release|x86
		{09870F18-1796-4A3E-A66D-68DB3DA60B24}.Release|Mixed Platforms.Build.0 = Release|x86
		{09870F18-1796-4A3E-A66D-68DB3DA60B24}.Release|Win32.ActiveCfg = Release|x86
		{09870F18-1796-4A3E-A66D-68DB3DA60B24}.Release|Win32.Build.0 = Release|x86
		{09870F18-1796-4A3E-A66D-68DB3DA60B24}.Release|x64.ActiveCfg = Release|x64
		{09870F18-1796-4A3E-A66D-68DB3DA60B24}.Release|x64.Build.0 = Release|x64
		{09870F18-1796-4A3E-A66D-68DB3DA60B24}.Release|x86.ActiveCfg = Release|x86
		{09870F18-1796-4A3E-A66D-68DB3DA60B24}.Release|x86.Build.0 = Release|x86
		{97DFF14E-ADD7-4ED3-B8C3-0D3D3E6CDEE8}.Debug|Any CPU.ActiveCfg = Debug|Any CPU
		{97DFF14E-ADD7-4ED3-B8C3-0D3D3E6CDEE8}.Debug|Any CPU.Build.0 = Debug|Any CPU
		{97DFF14E-ADD7-4ED3-B8C3-0D3D3E6CDEE8}.Debug|Mixed Platforms.ActiveCfg = Debug|Any CPU
		{97DFF14E-ADD7-4ED3-B8C3-0D3D3E6CDEE8}.Debug|Mixed Platforms.Build.0 = Debug|Any CPU
		{97DFF14E-ADD7-4ED3-B8C3-0D3D3E6CDEE8}.Debug|Win32.ActiveCfg = Debug|Any CPU
		{97DFF14E-ADD7-4ED3-B8C3-0D3D3E6CDEE8}.Debug|x64.ActiveCfg = Debug|x64
		{97DFF14E-ADD7-4ED3-B8C3-0D3D3E6CDEE8}.Debug|x64.Build.0 = Debug|x64
		{97DFF14E-ADD7-4ED3-B8C3-0D3D3E6CDEE8}.Debug|x86.ActiveCfg = Debug|x86
		{97DFF14E-ADD7-4ED3-B8C3-0D3D3E6CDEE8}.Debug|x86.Build.0 = Debug|x86
		{97DFF14E-ADD7-4ED3-B8C3-0D3D3E6CDEE8}.Release|Any CPU.ActiveCfg = Release|Any CPU
		{97DFF14E-ADD7-4ED3-B8C3-0D3D3E6CDEE8}.Release|Any CPU.Build.0 = Release|Any CPU
		{97DFF14E-ADD7-4ED3-B8C3-0D3D3E6CDEE8}.Release|Mixed Platforms.ActiveCfg = Release|Any CPU
		{97DFF14E-ADD7-4ED3-B8C3-0D3D3E6CDEE8}.Release|Mixed Platforms.Build.0 = Release|Any CPU
		{97DFF14E-ADD7-4ED3-B8C3-0D3D3E6CDEE8}.Release|Win32.ActiveCfg = Release|Any CPU
		{97DFF14E-ADD7-4ED3-B8C3-0D3D3E6CDEE8}.Release|x64.ActiveCfg = Release|x64
		{97DFF14E-ADD7-4ED3-B8C3-0D3D3E6CDEE8}.Release|x64.Build.0 = Release|x64
		{97DFF14E-ADD7-4ED3-B8C3-0D3D3E6CDEE8}.Release|x86.ActiveCfg = Release|x86
		{97DFF14E-ADD7-4ED3-B8C3-0D3D3E6CDEE8}.Release|x86.Build.0 = Release|x86
		{CBCA1EFC-7459-4A0E-A42D-55D4F58051BF}.Debug|Any CPU.ActiveCfg = Debug|Win32
		{CBCA1EFC-7459-4A0E-A42D-55D4F58051BF}.Debug|Any CPU.Build.0 = Debug|x64
		{CBCA1EFC-7459-4A0E-A42D-55D4F58051BF}.Debug|Mixed Platforms.ActiveCfg = Debug|Win32
		{CBCA1EFC-7459-4A0E-A42D-55D4F58051BF}.Debug|Mixed Platforms.Build.0 = Debug|Win32
		{CBCA1EFC-7459-4A0E-A42D-55D4F58051BF}.Debug|Win32.ActiveCfg = Debug|Win32
		{CBCA1EFC-7459-4A0E-A42D-55D4F58051BF}.Debug|Win32.Build.0 = Debug|Win32
		{CBCA1EFC-7459-4A0E-A42D-55D4F58051BF}.Debug|x64.ActiveCfg = Debug|x64
		{CBCA1EFC-7459-4A0E-A42D-55D4F58051BF}.Debug|x64.Build.0 = Debug|x64
		{CBCA1EFC-7459-4A0E-A42D-55D4F58051BF}.Debug|x86.ActiveCfg = Debug|Win32
		{CBCA1EFC-7459-4A0E-A42D-55D4F58051BF}.Debug|x86.Build.0 = Debug|Win32
		{CBCA1EFC-7459-4A0E-A42D-55D4F58051BF}.Release|Any CPU.ActiveCfg = Release|Win32
		{CBCA1EFC-7459-4A0E-A42D-55D4F58051BF}.Release|Any CPU.Build.0 = Release|x64
		{CBCA1EFC-7459-4A0E-A42D-55D4F58051BF}.Release|Mixed Platforms.ActiveCfg = Release|Win32
		{CBCA1EFC-7459-4A0E-A42D-55D4F58051BF}.Release|Mixed Platforms.Build.0 = Release|Win32
		{CBCA1EFC-7459-4A0E-A42D-55D4F58051BF}.Release|Win32.ActiveCfg = Release|Win32
		{CBCA1EFC-7459-4A0E-A42D-55D4F58051BF}.Release|Win32.Build.0 = Release|Win32
		{CBCA1EFC-7459-4A0E-A42D-55D4F58051BF}.Release|x64.ActiveCfg = Release|x64
		{CBCA1EFC-7459-4A0E-A42D-55D4F58051BF}.Release|x64.Build.0 = Release|x64
		{CBCA1EFC-7459-4A0E-A42D-55D4F58051BF}.Release|x86.ActiveCfg = Release|Win32
		{CBCA1EFC-7459-4A0E-A42D-55D4F58051BF}.Release|x86.Build.0 = Release|Win32
	EndGlobalSection
	GlobalSection(SolutionProperties) = preSolution
		HideSolutionNode = FALSE
	EndGlobalSection
	GlobalSection(NestedProjects) = preSolution
		{4B8F7099-19FA-4510-9698-CCFD89B5D4D2} = {B5EDEE8A-69B9-47E5-8455-E1A9A7ED8969}
		{D6CED5D7-BE37-4A32-90A5-1444C9FFDD91} = {0DA6263B-5A69-401E-99D0-391644EF4709}
		{219A127E-82B8-43A1-8959-7102E4724F8F} = {0DA6263B-5A69-401E-99D0-391644EF4709}
		{5B6AC153-AC56-4B01-8734-88EAB805A6DB} = {0DA6263B-5A69-401E-99D0-391644EF4709}
		{FB5A1829-7B34-4DE9-94A9-AF3AD36320BB} = {0DA6263B-5A69-401E-99D0-391644EF4709}
		{9FD894A7-6637-4BF0-A0EA-D654CEB0E234} = {0DA6263B-5A69-401E-99D0-391644EF4709}
		{8729CDD1-B493-48EC-A867-61ABAF3E93D2} = {7ECDCF15-95BB-4D2B-8C0D-8615D6E3BAB1}
		{6EF22FB8-7048-4E6A-9B2F-AC2570A998A9} = {7ECDCF15-95BB-4D2B-8C0D-8615D6E3BAB1}
		{10A2F674-DB37-41FF-AB71-9D54C8F0A5B6} = {E9E301F2-FE7D-4410-B88D-F83D684A8E62}
	EndGlobalSection
	GlobalSection(TeamFoundationVersionControl) = preSolution
		SccNumberOfProjects = 18
		SccEnterpriseProvider = {4CA58AB2-18FA-4F8D-95D4-32DDF27D184C}
		SccTeamFoundationServer = https://tfs.codeplex.com/tfs/tfs13
		SccProjectUniqueName0 = Xbim.Common\\Xbim.Common.csproj
		SccProjectName0 = Xbim.Common
		SccAuxPath0 = https://tfs.codeplex.com/tfs/tfs13
		SccLocalPath0 = Xbim.Common
		SccProvider0 = {4CA58AB2-18FA-4F8D-95D4-32DDF27D184C}
		SccProjectUniqueName1 = Xbim.Ifc2x3\\Xbim.Ifc2x3.csproj
		SccProjectName1 = Xbim.Ifc2x3
		SccAuxPath1 = https://tfs.codeplex.com/tfs/tfs13
		SccLocalPath1 = Xbim.Ifc2x3
		SccProvider1 = {4CA58AB2-18FA-4F8D-95D4-32DDF27D184C}
		SccProjectUniqueName2 = Xbim.Ifc.Extensions\\Xbim.Ifc2x3.Extensions.csproj
		SccProjectName2 = Xbim.Ifc.Extensions
		SccAuxPath2 = https://tfs.codeplex.com/tfs/tfs13
		SccLocalPath2 = Xbim.Ifc.Extensions
		SccProvider2 = {4CA58AB2-18FA-4F8D-95D4-32DDF27D184C}
		SccProjectUniqueName3 = Xbim.IO\\Xbim.IO.csproj
		SccProjectName3 = Xbim.IO
		SccAuxPath3 = https://tfs.codeplex.com/tfs/tfs13
		SccLocalPath3 = Xbim.IO
		SccProvider3 = {4CA58AB2-18FA-4F8D-95D4-32DDF27D184C}
		SccProjectUniqueName4 = Xbim.ModelGeometry.Scene\\Xbim.ModelGeometry.Scene.csproj
		SccProjectName4 = Xbim.ModelGeometry.Scene
		SccAuxPath4 = https://tfs.codeplex.com/tfs/tfs13
		SccLocalPath4 = Xbim.ModelGeometry.Scene
		SccProvider4 = {4CA58AB2-18FA-4F8D-95D4-32DDF27D184C}
		SccProjectUniqueName5 = Xbim.COBie\\Xbim.COBie.csproj
		SccProjectName5 = Xbim.COBie
		SccAuxPath5 = https://tfs.codeplex.com/tfs/tfs13
		SccLocalPath5 = Xbim.COBie
		SccProvider5 = {4CA58AB2-18FA-4F8D-95D4-32DDF27D184C}
		SccProjectUniqueName6 = XBim.COBie.Client\\Xbim.COBie.Client.csproj
		SccProjectTopLevelParentUniqueName6 = XbimComplete.sln
		SccProjectName6 = XBim.COBie.Client
		SccAuxPath6 = https://tfs.codeplex.com/tfs/tfs13
		SccLocalPath6 = XBim.COBie.Client
		SccProvider6 = {4CA58AB2-18FA-4F8D-95D4-32DDF27D184C}
		SccProjectUniqueName7 = Xbim.Tests\\Xbim.Tests.csproj
		SccProjectTopLevelParentUniqueName7 = XbimComplete.sln
		SccProjectName7 = Xbim.Tests
		SccAuxPath7 = https://tfs.codeplex.com/tfs/tfs13
		SccLocalPath7 = Xbim.Tests
		SccProvider7 = {4CA58AB2-18FA-4F8D-95D4-32DDF27D184C}
		SccProjectUniqueName8 = Xbim.Presentation\\Xbim.Presentation.csproj
		SccProjectName8 = Xbim.Presentation
		SccAuxPath8 = https://tfs.codeplex.com/tfs/tfs13
		SccLocalPath8 = Xbim.Presentation
		SccProvider8 = {4CA58AB2-18FA-4F8D-95D4-32DDF27D184C}
		SccProjectUniqueName9 = XbimConvert\\XbimConvert.csproj
		SccProjectTopLevelParentUniqueName9 = XbimComplete.sln
		SccProjectName9 = XbimConvert
		SccAuxPath9 = https://tfs.codeplex.com/tfs/tfs13
		SccLocalPath9 = XbimConvert
		SccProvider9 = {4CA58AB2-18FA-4F8D-95D4-32DDF27D184C}
		SccProjectUniqueName10 = XbimXplorer\\XbimXplorer.csproj
		SccProjectTopLevelParentUniqueName10 = XbimComplete.sln
		SccProjectName10 = XbimXplorer
		SccAuxPath10 = https://tfs.codeplex.com/tfs/tfs13
		SccLocalPath10 = XbimXplorer
		SccProvider10 = {4CA58AB2-18FA-4F8D-95D4-32DDF27D184C}
		SccProjectUniqueName11 = Xbim.DOM\\Xbim.DOM.csproj
		SccProjectName11 = Xbim.DOM
		SccAuxPath11 = https://tfs.codeplex.com/tfs/tfs13
		SccLocalPath11 = Xbim.DOM
		SccProvider11 = {4CA58AB2-18FA-4F8D-95D4-32DDF27D184C}
		SccProjectUniqueName12 = Xbim.Web.SceneJSWebViewer\\Xbim.SceneJSWebViewer.csproj
		SccProjectTopLevelParentUniqueName12 = XbimComplete.sln
		SccProjectName12 = Xbim.Web.SceneJSWebViewer
		SccAuxPath12 = https://tfs.codeplex.com/tfs/tfs13
		SccLocalPath12 = Xbim.Web.SceneJSWebViewer
		SccProvider12 = {4CA58AB2-18FA-4F8D-95D4-32DDF27D184C}
		SccProjectUniqueName13 = XbimRegression\\XbimRegression.csproj
		SccProjectTopLevelParentUniqueName13 = XbimComplete.sln
		SccProjectName13 = XbimRegression
		SccAuxPath13 = https://tfs.codeplex.com/tfs/tfs13
		SccLocalPath13 = XbimRegression
		SccProvider13 = {4CA58AB2-18FA-4F8D-95D4-32DDF27D184C}
		SccProjectUniqueName14 = CodeExamples\\CodeExamples.csproj
		SccProjectTopLevelParentUniqueName14 = XbimComplete.sln
		SccProjectName14 = CodeExamples
		SccAuxPath14 = https://tfs.codeplex.com/tfs/tfs13
		SccLocalPath14 = CodeExamples
		SccProvider14 = {4CA58AB2-18FA-4F8D-95D4-32DDF27D184C}
		SccProjectUniqueName15 = glMatrix\\glMatrix.csproj
		SccProjectTopLevelParentUniqueName15 = XbimComplete.sln
		SccProjectName15 = glMatrix
		SccAuxPath15 = https://tfs.codeplex.com/tfs/tfs13
		SccLocalPath15 = glMatrix
		SccProjectUniqueName16 = Xbim.ModelGeometry.OCC\\Xbim.ModelGeometry.OCC.vcxproj
		SccProjectName16 = Xbim.ModelGeometry.OCC
		SccLocalPath16 = Xbim.ModelGeometry.OCC
		SccProjectUniqueName17 = Xbim.Ifc.Extensions\\Xbim.Ifc2x3.Extensions.csproj
		SccProjectName17 = Xbim.Ifc.Extensions
		SccLocalPath17 = Xbim.Ifc.Extensions
		SccProjectUniqueName18 = ModelComparer\\ModelComparer.csproj
		SccProjectTopLevelParentUniqueName18 = XbimComplete.sln
		SccProjectName18 = ModelComparer
		SccLocalPath18 = ModelComparer
		SccProvider15 = {4CA58AB2-18FA-4F8D-95D4-32DDF27D184C}
		SccAuxPath16 = https://tfs.codeplex.com/tfs/tfs13
		SccProvider16 = {4CA58AB2-18FA-4F8D-95D4-32DDF27D184C}
	EndGlobalSection
	GlobalSection(JSLint) = preSolution
		SolutionConfigurationLocation = JSLintOptions.xml
	EndGlobalSection
EndGlobal
