
Microsoft Visual Studio Solution File, Format Version 11.00
# Visual Studio 2010
Project("{8BC9CEB8-8B4A-11D0-8D11-00A0C91BC942}") = "Xbim.ModelGeometry", "Xbim.ModelGeometry\Xbim.ModelGeometry.vcxproj", "{CBCA1EFC-7459-4A0E-A42D-55D4F58051BF}"
EndProject
Project("{FAE04EC0-301F-11D3-BF4B-00C04F79EFBC}") = "Xbim.Ifc.Extensions", "Xbim.Ifc.Extensions\Xbim.Ifc.Extensions.csproj", "{09870F18-1796-4A3E-A66D-68DB3DA60B24}"
EndProject
Project("{FAE04EC0-301F-11D3-BF4B-00C04F79EFBC}") = "Xbim.IO", "Xbim.IO\Xbim.IO.csproj", "{85856DF2-C8AB-4120-8A8D-AE05D2696B51}"
EndProject
Project("{FAE04EC0-301F-11D3-BF4B-00C04F79EFBC}") = "Xbim.Presentation", "Xbim.Presentation\Xbim.Presentation.csproj", "{89F98E53-DE4E-4427-8244-D5934AD08849}"
EndProject
Project("{FAE04EC0-301F-11D3-BF4B-00C04F79EFBC}") = "XbimXplorer", "XbimXplorer\XbimXplorer.csproj", "{D6CED5D7-BE37-4A32-90A5-1444C9FFDD91}"
	ProjectSection(ProjectDependencies) = postProject
		{CBCA1EFC-7459-4A0E-A42D-55D4F58051BF} = {CBCA1EFC-7459-4A0E-A42D-55D4F58051BF}
	EndProjectSection
EndProject
Project("{FAE04EC0-301F-11D3-BF4B-00C04F79EFBC}") = "Xbim.ModelGeometry.Scene", "Xbim.ModelGeometry.Scene\Xbim.ModelGeometry.Scene.csproj", "{3D9D37DE-A254-4433-B172-7590CBD84C69}"
EndProject
Project("{FAE04EC0-301F-11D3-BF4B-00C04F79EFBC}") = "Xbim.DOM", "Xbim.DOM\Xbim.DOM.csproj", "{B0E3E6A5-119C-4EFE-9796-EE131B2E278A}"
EndProject
Project("{FAE04EC0-301F-11D3-BF4B-00C04F79EFBC}") = "Xbim.Web.Xplorer", "Xbim.Web.Xplorer\Xbim.Web.Xplorer.csproj", "{922A9121-A5B4-431E-BCB8-743421A5689B}"
EndProject
Project("{FAE04EC0-301F-11D3-BF4B-00C04F79EFBC}") = "Xbim.Web.Viewer3D", "Xbim.Web.Viewer3D\Xbim.Web.Viewer3D.csproj", "{06A77A58-A0BA-4B14-AC99-1AB56848C98C}"
EndProject
Project("{FAE04EC0-301F-11D3-BF4B-00C04F79EFBC}") = "Xbim.Common", "Xbim.Common\Xbim.Common.csproj", "{6745F5AC-AF3C-4372-81AA-A75E7B1FA03B}"
EndProject
Project("{2150E333-8FDC-42A3-9474-1A3956D46DE8}") = "Shared", "Shared", "{B5EDEE8A-69B9-47E5-8455-E1A9A7ED8969}"
	ProjectSection(SolutionItems) = preProject
		SharedAssemblyInfo.cpp = SharedAssemblyInfo.cpp
		SharedAssemblyInfo.cs = SharedAssemblyInfo.cs
		Xbim.ModelGeometry\Version.rc = Xbim.ModelGeometry\Version.rc
	EndProjectSection
EndProject
Project("{FAE04EC0-301F-11D3-BF4B-00C04F79EFBC}") = "Xbim.SceneJSWebViewer", "Xbim.Web.SceneJSWebViewer\Xbim.SceneJSWebViewer.csproj", "{219A127E-82B8-43A1-8959-7102E4724F8F}"
EndProject
Project("{FAE04EC0-301F-11D3-BF4B-00C04F79EFBC}") = "XbimConvert", "XbimConvert\XbimConvert.csproj", "{5B6AC153-AC56-4B01-8734-88EAB805A6DB}"
EndProject
Project("{FAE04EC0-301F-11D3-BF4B-00C04F79EFBC}") = "Xbim.Tests", "Xbim.Tests\Xbim.Tests.csproj", "{8729CDD1-B493-48EC-A867-61ABAF3E93D2}"
EndProject
Project("{2150E333-8FDC-42A3-9474-1A3956D46DE8}") = "Solution Items", "Solution Items", "{0D98B8A4-4AD3-4A3A-A044-64BB2E442B25}"
	ProjectSection(SolutionItems) = preProject
		Local.testsettings = Local.testsettings
		TraceAndTestImpact.testsettings = TraceAndTestImpact.testsettings
		XbimComplete.vsmdi = XbimComplete.vsmdi
	EndProjectSection
EndProject
Project("{FAE04EC0-301F-11D3-BF4B-00C04F79EFBC}") = "XbimRegression", "XbimRegression\XbimRegression.csproj", "{6EF22FB8-7048-4E6A-9B2F-AC2570A998A9}"
EndProject
Project("{FAE04EC0-301F-11D3-BF4B-00C04F79EFBC}") = "Xbim.Ifc2x3", "Xbim.Ifc2x3\Xbim.Ifc2x3.csproj", "{5D4C907D-1293-4E5F-9642-D0862AE4741C}"
EndProject
Global
	GlobalSection(TeamFoundationVersionControl) = preSolution
		SccNumberOfProjects = 16
		SccEnterpriseProvider = {4CA58AB2-18FA-4F8D-95D4-32DDF27D184C}
		SccTeamFoundationServer = https://tfs.codeplex.com/tfs/tfs13
		SccLocalPath0 = .
		SccProjectUniqueName1 = Xbim.Ifc.Extensions\\Xbim.Ifc.Extensions.csproj
		SccProjectName1 = Xbim.Ifc.Extensions
		SccLocalPath1 = Xbim.Ifc.Extensions
		SccProjectUniqueName2 = Xbim.IO\\Xbim.IO.csproj
		SccProjectName2 = Xbim.IO
		SccLocalPath2 = Xbim.IO
		SccProjectUniqueName3 = Xbim.ModelGeometry.Scene\\Xbim.ModelGeometry.Scene.csproj
		SccProjectName3 = Xbim.ModelGeometry.Scene
		SccLocalPath3 = Xbim.ModelGeometry.Scene
		SccProjectUniqueName4 = Xbim.ModelGeometry\\Xbim.ModelGeometry.vcxproj
		SccProjectName4 = Xbim.ModelGeometry
		SccLocalPath4 = Xbim.ModelGeometry
		SccProjectUniqueName5 = Xbim.Presentation\\Xbim.Presentation.csproj
		SccProjectName5 = Xbim.Presentation
		SccLocalPath5 = Xbim.Presentation
		SccProjectUniqueName6 = XbimXplorer\\XbimXplorer.csproj
		SccProjectName6 = XbimXplorer
		SccLocalPath6 = XbimXplorer
		SccProjectUniqueName7 = Xbim.DOM\\Xbim.DOM.csproj
		SccProjectName7 = Xbim.DOM
		SccLocalPath7 = Xbim.DOM
		SccProjectUniqueName8 = Xbim.Web.Xplorer\\Xbim.Web.Xplorer.csproj
		SccProjectName8 = Xbim.Web.Xplorer
		SccLocalPath8 = Xbim.Web.Xplorer
		SccProjectUniqueName9 = Xbim.Web.Viewer3D\\Xbim.Web.Viewer3D.csproj
		SccProjectName9 = Xbim.Web.Viewer3D
		SccLocalPath9 = Xbim.Web.Viewer3D
		SccProjectUniqueName10 = Xbim.Common\\Xbim.Common.csproj
		SccProjectName10 = Xbim.Common
		SccLocalPath10 = Xbim.Common
		SccProjectUniqueName11 = Xbim.Web.SceneJSWebViewer\\Xbim.SceneJSWebViewer.csproj
		SccProjectName11 = Xbim.Web.SceneJSWebViewer
		SccLocalPath11 = Xbim.Web.SceneJSWebViewer
		SccProjectUniqueName12 = XbimConvert\\XbimConvert.csproj
		SccProjectName12 = XbimConvert
		SccLocalPath12 = XbimConvert
		SccProjectUniqueName13 = Xbim.Tests\\Xbim.Tests.csproj
		SccProjectName13 = Xbim.Tests
		SccLocalPath13 = Xbim.Tests
		SccProjectUniqueName14 = XbimRegression\\XbimRegression.csproj
		SccProjectName14 = XbimRegression
		SccLocalPath14 = XbimRegression
		SccProjectUniqueName15 = Xbim.Ifc2x3\\Xbim.Ifc2x3.csproj
		SccProjectName15 = Xbim.Ifc2x3
		SccLocalPath15 = Xbim.Ifc2x3
	EndGlobalSection
	GlobalSection(TestCaseManagementSettings) = postSolution
		CategoryFile = XbimComplete.vsmdi
	EndGlobalSection
	GlobalSection(SolutionConfigurationPlatforms) = preSolution
		Debug|Any CPU = Debug|Any CPU
		Debug|x64 = Debug|x64
		Debug|x86 = Debug|x86
		Release|Any CPU = Release|Any CPU
		Release|x64 = Release|x64
		Release|x86 = Release|x86
	EndGlobalSection
	GlobalSection(ProjectConfigurationPlatforms) = postSolution
		{CBCA1EFC-7459-4A0E-A42D-55D4F58051BF}.Debug|Any CPU.ActiveCfg = Debug|Win32
		{CBCA1EFC-7459-4A0E-A42D-55D4F58051BF}.Debug|x64.ActiveCfg = Debug|x64
		{CBCA1EFC-7459-4A0E-A42D-55D4F58051BF}.Debug|x64.Build.0 = Debug|x64
		{CBCA1EFC-7459-4A0E-A42D-55D4F58051BF}.Debug|x86.ActiveCfg = Debug|Win32
		{CBCA1EFC-7459-4A0E-A42D-55D4F58051BF}.Debug|x86.Build.0 = Debug|Win32
		{CBCA1EFC-7459-4A0E-A42D-55D4F58051BF}.Release|Any CPU.ActiveCfg = Release|Win32
		{CBCA1EFC-7459-4A0E-A42D-55D4F58051BF}.Release|x64.ActiveCfg = Release|x64
		{CBCA1EFC-7459-4A0E-A42D-55D4F58051BF}.Release|x64.Build.0 = Release|x64
		{CBCA1EFC-7459-4A0E-A42D-55D4F58051BF}.Release|x86.ActiveCfg = Release|Win32
		{CBCA1EFC-7459-4A0E-A42D-55D4F58051BF}.Release|x86.Build.0 = Release|Win32
		{09870F18-1796-4A3E-A66D-68DB3DA60B24}.Debug|Any CPU.ActiveCfg = Debug|Any CPU
		{09870F18-1796-4A3E-A66D-68DB3DA60B24}.Debug|Any CPU.Build.0 = Debug|Any CPU
		{09870F18-1796-4A3E-A66D-68DB3DA60B24}.Debug|x64.ActiveCfg = Debug|x64
		{09870F18-1796-4A3E-A66D-68DB3DA60B24}.Debug|x64.Build.0 = Debug|x64
		{09870F18-1796-4A3E-A66D-68DB3DA60B24}.Debug|x86.ActiveCfg = Debug|x86
		{09870F18-1796-4A3E-A66D-68DB3DA60B24}.Debug|x86.Build.0 = Debug|x86
		{09870F18-1796-4A3E-A66D-68DB3DA60B24}.Release|Any CPU.ActiveCfg = Release|Any CPU
		{09870F18-1796-4A3E-A66D-68DB3DA60B24}.Release|Any CPU.Build.0 = Release|Any CPU
		{09870F18-1796-4A3E-A66D-68DB3DA60B24}.Release|x64.ActiveCfg = Release|x64
		{09870F18-1796-4A3E-A66D-68DB3DA60B24}.Release|x64.Build.0 = Release|x64
		{09870F18-1796-4A3E-A66D-68DB3DA60B24}.Release|x86.ActiveCfg = Release|x86
		{09870F18-1796-4A3E-A66D-68DB3DA60B24}.Release|x86.Build.0 = Release|x86
		{85856DF2-C8AB-4120-8A8D-AE05D2696B51}.Debug|Any CPU.ActiveCfg = Debug|Any CPU
		{85856DF2-C8AB-4120-8A8D-AE05D2696B51}.Debug|Any CPU.Build.0 = Debug|Any CPU
		{85856DF2-C8AB-4120-8A8D-AE05D2696B51}.Debug|x64.ActiveCfg = Debug|x64
		{85856DF2-C8AB-4120-8A8D-AE05D2696B51}.Debug|x64.Build.0 = Debug|x64
		{85856DF2-C8AB-4120-8A8D-AE05D2696B51}.Debug|x86.ActiveCfg = Debug|x86
		{85856DF2-C8AB-4120-8A8D-AE05D2696B51}.Debug|x86.Build.0 = Debug|x86
		{85856DF2-C8AB-4120-8A8D-AE05D2696B51}.Release|Any CPU.ActiveCfg = Release|Any CPU
		{85856DF2-C8AB-4120-8A8D-AE05D2696B51}.Release|Any CPU.Build.0 = Release|Any CPU
		{85856DF2-C8AB-4120-8A8D-AE05D2696B51}.Release|x64.ActiveCfg = Release|x64
		{85856DF2-C8AB-4120-8A8D-AE05D2696B51}.Release|x64.Build.0 = Release|x64
		{85856DF2-C8AB-4120-8A8D-AE05D2696B51}.Release|x86.ActiveCfg = Release|x86
		{85856DF2-C8AB-4120-8A8D-AE05D2696B51}.Release|x86.Build.0 = Release|x86
		{89F98E53-DE4E-4427-8244-D5934AD08849}.Debug|Any CPU.ActiveCfg = Debug|Any CPU
		{89F98E53-DE4E-4427-8244-D5934AD08849}.Debug|Any CPU.Build.0 = Debug|Any CPU
		{89F98E53-DE4E-4427-8244-D5934AD08849}.Debug|x64.ActiveCfg = Debug|x64
		{89F98E53-DE4E-4427-8244-D5934AD08849}.Debug|x64.Build.0 = Debug|x64
		{89F98E53-DE4E-4427-8244-D5934AD08849}.Debug|x86.ActiveCfg = Debug|x86
		{89F98E53-DE4E-4427-8244-D5934AD08849}.Debug|x86.Build.0 = Debug|x86
		{89F98E53-DE4E-4427-8244-D5934AD08849}.Release|Any CPU.ActiveCfg = Release|Any CPU
		{89F98E53-DE4E-4427-8244-D5934AD08849}.Release|Any CPU.Build.0 = Release|Any CPU
		{89F98E53-DE4E-4427-8244-D5934AD08849}.Release|x64.ActiveCfg = Release|x64
		{89F98E53-DE4E-4427-8244-D5934AD08849}.Release|x64.Build.0 = Release|x64
		{89F98E53-DE4E-4427-8244-D5934AD08849}.Release|x86.ActiveCfg = Release|x86
		{89F98E53-DE4E-4427-8244-D5934AD08849}.Release|x86.Build.0 = Release|x86
		{D6CED5D7-BE37-4A32-90A5-1444C9FFDD91}.Debug|Any CPU.ActiveCfg = Debug|Any CPU
		{D6CED5D7-BE37-4A32-90A5-1444C9FFDD91}.Debug|x64.ActiveCfg = Debug|x64
		{D6CED5D7-BE37-4A32-90A5-1444C9FFDD91}.Debug|x64.Build.0 = Debug|x64
		{D6CED5D7-BE37-4A32-90A5-1444C9FFDD91}.Debug|x86.ActiveCfg = Debug|x86
		{D6CED5D7-BE37-4A32-90A5-1444C9FFDD91}.Debug|x86.Build.0 = Debug|x86
		{D6CED5D7-BE37-4A32-90A5-1444C9FFDD91}.Release|Any CPU.ActiveCfg = Release|Any CPU
		{D6CED5D7-BE37-4A32-90A5-1444C9FFDD91}.Release|x64.ActiveCfg = Release|x64
		{D6CED5D7-BE37-4A32-90A5-1444C9FFDD91}.Release|x64.Build.0 = Release|x64
		{D6CED5D7-BE37-4A32-90A5-1444C9FFDD91}.Release|x86.ActiveCfg = Release|x86
		{D6CED5D7-BE37-4A32-90A5-1444C9FFDD91}.Release|x86.Build.0 = Release|x86
		{3D9D37DE-A254-4433-B172-7590CBD84C69}.Debug|Any CPU.ActiveCfg = Debug|Any CPU
		{3D9D37DE-A254-4433-B172-7590CBD84C69}.Debug|Any CPU.Build.0 = Debug|Any CPU
		{3D9D37DE-A254-4433-B172-7590CBD84C69}.Debug|x64.ActiveCfg = Debug|x64
		{3D9D37DE-A254-4433-B172-7590CBD84C69}.Debug|x64.Build.0 = Debug|x64
		{3D9D37DE-A254-4433-B172-7590CBD84C69}.Debug|x86.ActiveCfg = Debug|x86
		{3D9D37DE-A254-4433-B172-7590CBD84C69}.Debug|x86.Build.0 = Debug|x86
		{3D9D37DE-A254-4433-B172-7590CBD84C69}.Release|Any CPU.ActiveCfg = Release|Any CPU
		{3D9D37DE-A254-4433-B172-7590CBD84C69}.Release|Any CPU.Build.0 = Release|Any CPU
		{3D9D37DE-A254-4433-B172-7590CBD84C69}.Release|x64.ActiveCfg = Release|x64
		{3D9D37DE-A254-4433-B172-7590CBD84C69}.Release|x64.Build.0 = Release|x64
		{3D9D37DE-A254-4433-B172-7590CBD84C69}.Release|x86.ActiveCfg = Release|x86
		{3D9D37DE-A254-4433-B172-7590CBD84C69}.Release|x86.Build.0 = Release|x86
		{B0E3E6A5-119C-4EFE-9796-EE131B2E278A}.Debug|Any CPU.ActiveCfg = Debug|Any CPU
		{B0E3E6A5-119C-4EFE-9796-EE131B2E278A}.Debug|Any CPU.Build.0 = Debug|Any CPU
		{B0E3E6A5-119C-4EFE-9796-EE131B2E278A}.Debug|x64.ActiveCfg = Debug|x64
		{B0E3E6A5-119C-4EFE-9796-EE131B2E278A}.Debug|x64.Build.0 = Debug|x64
		{B0E3E6A5-119C-4EFE-9796-EE131B2E278A}.Debug|x86.ActiveCfg = Debug|x86
		{B0E3E6A5-119C-4EFE-9796-EE131B2E278A}.Debug|x86.Build.0 = Debug|x86
		{B0E3E6A5-119C-4EFE-9796-EE131B2E278A}.Release|Any CPU.ActiveCfg = Release|Any CPU
		{B0E3E6A5-119C-4EFE-9796-EE131B2E278A}.Release|Any CPU.Build.0 = Release|Any CPU
		{B0E3E6A5-119C-4EFE-9796-EE131B2E278A}.Release|x64.ActiveCfg = Release|x64
		{B0E3E6A5-119C-4EFE-9796-EE131B2E278A}.Release|x64.Build.0 = Release|x64
		{B0E3E6A5-119C-4EFE-9796-EE131B2E278A}.Release|x86.ActiveCfg = Release|x86
		{B0E3E6A5-119C-4EFE-9796-EE131B2E278A}.Release|x86.Build.0 = Release|x86
		{922A9121-A5B4-431E-BCB8-743421A5689B}.Debug|Any CPU.ActiveCfg = Debug|Any CPU
		{922A9121-A5B4-431E-BCB8-743421A5689B}.Debug|Any CPU.Build.0 = Debug|Any CPU
		{922A9121-A5B4-431E-BCB8-743421A5689B}.Debug|x64.ActiveCfg = Debug|x64
		{922A9121-A5B4-431E-BCB8-743421A5689B}.Debug|x64.Build.0 = Debug|x64
		{922A9121-A5B4-431E-BCB8-743421A5689B}.Debug|x86.ActiveCfg = Debug|x86
		{922A9121-A5B4-431E-BCB8-743421A5689B}.Debug|x86.Build.0 = Debug|x86
		{922A9121-A5B4-431E-BCB8-743421A5689B}.Release|Any CPU.ActiveCfg = Release|Any CPU
		{922A9121-A5B4-431E-BCB8-743421A5689B}.Release|Any CPU.Build.0 = Release|Any CPU
		{922A9121-A5B4-431E-BCB8-743421A5689B}.Release|x64.ActiveCfg = Release|x64
		{922A9121-A5B4-431E-BCB8-743421A5689B}.Release|x86.ActiveCfg = Release|x86
		{922A9121-A5B4-431E-BCB8-743421A5689B}.Release|x86.Build.0 = Release|x86
		{06A77A58-A0BA-4B14-AC99-1AB56848C98C}.Debug|Any CPU.ActiveCfg = Debug|Any CPU
		{06A77A58-A0BA-4B14-AC99-1AB56848C98C}.Debug|Any CPU.Build.0 = Debug|Any CPU
		{06A77A58-A0BA-4B14-AC99-1AB56848C98C}.Debug|x64.ActiveCfg = Debug|x64
		{06A77A58-A0BA-4B14-AC99-1AB56848C98C}.Debug|x64.Build.0 = Debug|x64
		{06A77A58-A0BA-4B14-AC99-1AB56848C98C}.Debug|x86.ActiveCfg = Debug|x86
		{06A77A58-A0BA-4B14-AC99-1AB56848C98C}.Debug|x86.Build.0 = Debug|x86
		{06A77A58-A0BA-4B14-AC99-1AB56848C98C}.Release|Any CPU.ActiveCfg = Release|Any CPU
		{06A77A58-A0BA-4B14-AC99-1AB56848C98C}.Release|Any CPU.Build.0 = Release|Any CPU
		{06A77A58-A0BA-4B14-AC99-1AB56848C98C}.Release|x64.ActiveCfg = Release|x64
		{06A77A58-A0BA-4B14-AC99-1AB56848C98C}.Release|x86.ActiveCfg = Release|x86
		{06A77A58-A0BA-4B14-AC99-1AB56848C98C}.Release|x86.Build.0 = Release|x86
		{6745F5AC-AF3C-4372-81AA-A75E7B1FA03B}.Debug|Any CPU.ActiveCfg = Debug|Any CPU
		{6745F5AC-AF3C-4372-81AA-A75E7B1FA03B}.Debug|Any CPU.Build.0 = Debug|Any CPU
		{6745F5AC-AF3C-4372-81AA-A75E7B1FA03B}.Debug|x64.ActiveCfg = Debug|x64
		{6745F5AC-AF3C-4372-81AA-A75E7B1FA03B}.Debug|x64.Build.0 = Debug|x64
		{6745F5AC-AF3C-4372-81AA-A75E7B1FA03B}.Debug|x86.ActiveCfg = Debug|x86
		{6745F5AC-AF3C-4372-81AA-A75E7B1FA03B}.Debug|x86.Build.0 = Debug|x86
		{6745F5AC-AF3C-4372-81AA-A75E7B1FA03B}.Release|Any CPU.ActiveCfg = Release|Any CPU
		{6745F5AC-AF3C-4372-81AA-A75E7B1FA03B}.Release|Any CPU.Build.0 = Release|Any CPU
		{6745F5AC-AF3C-4372-81AA-A75E7B1FA03B}.Release|x64.ActiveCfg = Release|x64
		{6745F5AC-AF3C-4372-81AA-A75E7B1FA03B}.Release|x64.Build.0 = Release|x64
		{6745F5AC-AF3C-4372-81AA-A75E7B1FA03B}.Release|x86.ActiveCfg = Release|x86
		{6745F5AC-AF3C-4372-81AA-A75E7B1FA03B}.Release|x86.Build.0 = Release|x86
		{219A127E-82B8-43A1-8959-7102E4724F8F}.Debug|Any CPU.ActiveCfg = Debug|Any CPU
		{219A127E-82B8-43A1-8959-7102E4724F8F}.Debug|Any CPU.Build.0 = Debug|Any CPU
		{219A127E-82B8-43A1-8959-7102E4724F8F}.Debug|x64.ActiveCfg = Debug|x64
		{219A127E-82B8-43A1-8959-7102E4724F8F}.Debug|x64.Build.0 = Debug|x64
		{219A127E-82B8-43A1-8959-7102E4724F8F}.Debug|x86.ActiveCfg = Debug|x86
		{219A127E-82B8-43A1-8959-7102E4724F8F}.Debug|x86.Build.0 = Debug|x86
		{219A127E-82B8-43A1-8959-7102E4724F8F}.Release|Any CPU.ActiveCfg = Release|Any CPU
		{219A127E-82B8-43A1-8959-7102E4724F8F}.Release|Any CPU.Build.0 = Release|Any CPU
		{219A127E-82B8-43A1-8959-7102E4724F8F}.Release|x64.ActiveCfg = Release|x64
		{219A127E-82B8-43A1-8959-7102E4724F8F}.Release|x64.Build.0 = Release|x64
		{219A127E-82B8-43A1-8959-7102E4724F8F}.Release|x86.ActiveCfg = Release|x86
		{219A127E-82B8-43A1-8959-7102E4724F8F}.Release|x86.Build.0 = Release|x86
		{5B6AC153-AC56-4B01-8734-88EAB805A6DB}.Debug|Any CPU.ActiveCfg = Debug|Any CPU
		{5B6AC153-AC56-4B01-8734-88EAB805A6DB}.Debug|Any CPU.Build.0 = Debug|Any CPU
		{5B6AC153-AC56-4B01-8734-88EAB805A6DB}.Debug|x64.ActiveCfg = Debug|x64
		{5B6AC153-AC56-4B01-8734-88EAB805A6DB}.Debug|x64.Build.0 = Debug|x64
		{5B6AC153-AC56-4B01-8734-88EAB805A6DB}.Debug|x86.ActiveCfg = Debug|x86
		{5B6AC153-AC56-4B01-8734-88EAB805A6DB}.Debug|x86.Build.0 = Debug|x86
		{5B6AC153-AC56-4B01-8734-88EAB805A6DB}.Release|Any CPU.ActiveCfg = Release|Any CPU
		{5B6AC153-AC56-4B01-8734-88EAB805A6DB}.Release|Any CPU.Build.0 = Release|Any CPU
		{5B6AC153-AC56-4B01-8734-88EAB805A6DB}.Release|x64.ActiveCfg = Release|x64
		{5B6AC153-AC56-4B01-8734-88EAB805A6DB}.Release|x64.Build.0 = Release|x64
		{5B6AC153-AC56-4B01-8734-88EAB805A6DB}.Release|x86.ActiveCfg = Release|x86
		{5B6AC153-AC56-4B01-8734-88EAB805A6DB}.Release|x86.Build.0 = Release|x86
		{8729CDD1-B493-48EC-A867-61ABAF3E93D2}.Debug|Any CPU.ActiveCfg = Debug|Any CPU
		{8729CDD1-B493-48EC-A867-61ABAF3E93D2}.Debug|Any CPU.Build.0 = Debug|Any CPU
		{8729CDD1-B493-48EC-A867-61ABAF3E93D2}.Debug|x64.ActiveCfg = Debug|x64
		{8729CDD1-B493-48EC-A867-61ABAF3E93D2}.Debug|x64.Build.0 = Debug|x64
		{8729CDD1-B493-48EC-A867-61ABAF3E93D2}.Debug|x86.ActiveCfg = Debug|x86
		{8729CDD1-B493-48EC-A867-61ABAF3E93D2}.Debug|x86.Build.0 = Debug|x86
		{8729CDD1-B493-48EC-A867-61ABAF3E93D2}.Release|Any CPU.ActiveCfg = Release|Any CPU
		{8729CDD1-B493-48EC-A867-61ABAF3E93D2}.Release|Any CPU.Build.0 = Release|Any CPU
		{8729CDD1-B493-48EC-A867-61ABAF3E93D2}.Release|x64.ActiveCfg = Release|x64
		{8729CDD1-B493-48EC-A867-61ABAF3E93D2}.Release|x64.Build.0 = Release|x64
		{8729CDD1-B493-48EC-A867-61ABAF3E93D2}.Release|x86.ActiveCfg = Release|x86
		{8729CDD1-B493-48EC-A867-61ABAF3E93D2}.Release|x86.Build.0 = Release|x86
		{6EF22FB8-7048-4E6A-9B2F-AC2570A998A9}.Debug|Any CPU.ActiveCfg = Debug|Any CPU
		{6EF22FB8-7048-4E6A-9B2F-AC2570A998A9}.Debug|Any CPU.Build.0 = Debug|Any CPU
		{6EF22FB8-7048-4E6A-9B2F-AC2570A998A9}.Debug|x64.ActiveCfg = Debug|x64
		{6EF22FB8-7048-4E6A-9B2F-AC2570A998A9}.Debug|x64.Build.0 = Debug|x64
		{6EF22FB8-7048-4E6A-9B2F-AC2570A998A9}.Debug|x86.ActiveCfg = Debug|x86
		{6EF22FB8-7048-4E6A-9B2F-AC2570A998A9}.Debug|x86.Build.0 = Debug|x86
		{6EF22FB8-7048-4E6A-9B2F-AC2570A998A9}.Release|Any CPU.ActiveCfg = Release|Any CPU
		{6EF22FB8-7048-4E6A-9B2F-AC2570A998A9}.Release|Any CPU.Build.0 = Release|Any CPU
		{6EF22FB8-7048-4E6A-9B2F-AC2570A998A9}.Release|x64.ActiveCfg = Release|x64
		{6EF22FB8-7048-4E6A-9B2F-AC2570A998A9}.Release|x64.Build.0 = Release|x64
		{6EF22FB8-7048-4E6A-9B2F-AC2570A998A9}.Release|x86.ActiveCfg = Release|x86
		{6EF22FB8-7048-4E6A-9B2F-AC2570A998A9}.Release|x86.Build.0 = Release|x86
		{5D4C907D-1293-4E5F-9642-D0862AE4741C}.Debug|Any CPU.ActiveCfg = Debug|Any CPU
		{5D4C907D-1293-4E5F-9642-D0862AE4741C}.Debug|Any CPU.Build.0 = Debug|Any CPU
		{5D4C907D-1293-4E5F-9642-D0862AE4741C}.Debug|x64.ActiveCfg = Debug|x64
		{5D4C907D-1293-4E5F-9642-D0862AE4741C}.Debug|x64.Build.0 = Debug|x64
		{5D4C907D-1293-4E5F-9642-D0862AE4741C}.Debug|x86.ActiveCfg = Debug|x86
		{5D4C907D-1293-4E5F-9642-D0862AE4741C}.Debug|x86.Build.0 = Debug|x86
		{5D4C907D-1293-4E5F-9642-D0862AE4741C}.Release|Any CPU.ActiveCfg = Release|Any CPU
		{5D4C907D-1293-4E5F-9642-D0862AE4741C}.Release|Any CPU.Build.0 = Release|Any CPU
		{5D4C907D-1293-4E5F-9642-D0862AE4741C}.Release|x64.ActiveCfg = Release|x64
		{5D4C907D-1293-4E5F-9642-D0862AE4741C}.Release|x64.Build.0 = Release|x64
		{5D4C907D-1293-4E5F-9642-D0862AE4741C}.Release|x86.ActiveCfg = Release|x86
		{5D4C907D-1293-4E5F-9642-D0862AE4741C}.Release|x86.Build.0 = Release|x86
	EndGlobalSection
	GlobalSection(SolutionProperties) = preSolution
		HideSolutionNode = FALSE
	EndGlobalSection
EndGlobal
