<?xml version="1.0" encoding="utf-8"?>
<Project ToolsVersion="4.0" xmlns="http://schemas.microsoft.com/developer/msbuild/2003">
  <ItemGroup>
    <Filter Include="Source Files">
      <UniqueIdentifier>{4FC737F1-C7A5-4376-A066-2A32D752A2FF}</UniqueIdentifier>
      <Extensions>cpp;c;cc;cxx;def;odl;idl;hpj;bat;asm;asmx</Extensions>
    </Filter>
    <Filter Include="Header Files">
      <UniqueIdentifier>{93995380-89BD-4b04-88EB-625FBE52EBFB}</UniqueIdentifier>
      <Extensions>h;hpp;hm;inl;inc;xsd</Extensions>
    </Filter>
    <Filter Include="Resource Files">
      <UniqueIdentifier>{67DA6AB6-F800-4c08-8B7A-83BB121AAD01}</UniqueIdentifier>
      <Extensions>rc;ico;cur;bmp;dlg;rc2;rct;bin;rgs;gif;jpg;jpeg;jpe;resx;tiff;tif;png;wav</Extensions>
    </Filter>
  </ItemGroup>
  <ItemGroup>
    <ClCompile Include="AssemblyInfo.cpp">
      <Filter>Source Files</Filter>
    </ClCompile>
    <ClCompile Include="CartesianTransform.cpp">
      <Filter>Source Files</Filter>
    </ClCompile>
    <ClCompile Include="Stdafx.cpp">
      <Filter>Source Files</Filter>
    </ClCompile>
    <ClCompile Include="TessellatorReceiver.cpp">
      <Filter>Source Files</Filter>
    </ClCompile>
    <ClCompile Include="XbimEdge.cpp">
      <Filter>Source Files</Filter>
    </ClCompile>
    <ClCompile Include="XbimEdgeLoop.cpp">
      <Filter>Source Files</Filter>
    </ClCompile>
    <ClCompile Include="XbimEdgeLoopEnumerator.cpp">
      <Filter>Source Files</Filter>
    </ClCompile>
    <ClCompile Include="XbimFace.cpp">
      <Filter>Source Files</Filter>
    </ClCompile>
    <ClCompile Include="XbimFaceBound.cpp">
      <Filter>Source Files</Filter>
    </ClCompile>
    <ClCompile Include="XbimGeometryModel.cpp">
      <Filter>Source Files</Filter>
    </ClCompile>
    <ClCompile Include="XbimGeometryModelCollection.cpp">
      <Filter>Source Files</Filter>
    </ClCompile>
    <ClCompile Include="XbimGeomPrim.cpp">
      <Filter>Source Files</Filter>
    </ClCompile>
    <ClCompile Include="XbimOrientedEdge.cpp">
      <Filter>Source Files</Filter>
    </ClCompile>
    <ClCompile Include="XbimShell.cpp">
      <Filter>Source Files</Filter>
    </ClCompile>
    <ClCompile Include="XbimSolid.cpp">
      <Filter>Source Files</Filter>
    </ClCompile>
    <ClCompile Include="XbimVertexPoint.cpp">
      <Filter>Source Files</Filter>
    </ClCompile>
    <ClCompile Include="XbimFeaturedShape.cpp">
      <Filter>Source Files</Filter>
    </ClCompile>
    <ClCompile Include="XbimLocation.cpp">
      <Filter>Source Files</Filter>
    </ClCompile>
    <ClCompile Include="XbimBoundingBox.cpp">
      <Filter>Source Files</Filter>
    </ClCompile>
    <ClCompile Include="XbimFacetedShell.cpp">
      <Filter>Source Files</Filter>
    </ClCompile>
    <ClCompile Include="XbimMap.cpp">
      <Filter>Source Files</Filter>
    </ClCompile>
    <ClCompile Include="..\SharedAssemblyInfo.cpp">
      <Filter>Source Files</Filter>
    </ClCompile>
    <ClCompile Include="XbimTriangularMeshStreamer.cpp">
      <Filter>Source Files</Filter>
    </ClCompile>
  </ItemGroup>
  <ItemGroup>
    <ClInclude Include="CartesianTransform.h">
      <Filter>Header Files</Filter>
    </ClInclude>
    <ClInclude Include="resource.h">
      <Filter>Header Files</Filter>
    </ClInclude>
    <ClInclude Include="TessellatorReceiver.h">
      <Filter>Header Files</Filter>
    </ClInclude>
    <ClInclude Include="ITessellatorReceiver.h">
      <Filter>Header Files</Filter>
    </ClInclude>
    <ClInclude Include="XbimEdge.h">
      <Filter>Header Files</Filter>
    </ClInclude>
    <ClInclude Include="XbimEdgeLoop.h">
      <Filter>Header Files</Filter>
    </ClInclude>
    <ClInclude Include="XbimEdgeLoopEnumerator.h">
      <Filter>Header Files</Filter>
    </ClInclude>
    <ClInclude Include="XbimFace.h">
      <Filter>Header Files</Filter>
    </ClInclude>
    <ClInclude Include="XbimFaceBound.h">
      <Filter>Header Files</Filter>
    </ClInclude>
    <ClInclude Include="XbimFaceBoundEnumerator.h">
      <Filter>Header Files</Filter>
    </ClInclude>
    <ClInclude Include="XbimFaceEnumerator.h">
      <Filter>Header Files</Filter>
    </ClInclude>
    <ClInclude Include="XbimFaceOuterBound.h">
      <Filter>Header Files</Filter>
    </ClInclude>
    <ClInclude Include="XbimGeometryModel.h">
      <Filter>Header Files</Filter>
    </ClInclude>
    <ClInclude Include="XbimGeometryModelCollection.h">
      <Filter>Header Files</Filter>
    </ClInclude>
    <ClInclude Include="XbimGeomPrim.h">
      <Filter>Header Files</Filter>
    </ClInclude>
    <ClInclude Include="XbimOrientedEdge.h">
      <Filter>Header Files</Filter>
    </ClInclude>
    <ClInclude Include="XbimShell.h">
      <Filter>Header Files</Filter>
    </ClInclude>
    <ClInclude Include="XbimShellEnumerator.h">
      <Filter>Header Files</Filter>
    </ClInclude>
    <ClInclude Include="XbimSolid.h">
      <Filter>Header Files</Filter>
    </ClInclude>
    <ClInclude Include="XbimVertexPoint.h">
      <Filter>Header Files</Filter>
    </ClInclude>
    <ClInclude Include="IXbimGeometryModel.h">
      <Filter>Header Files</Filter>
    </ClInclude>
    <ClInclude Include="IXbimMeshGeometry.h">
      <Filter>Header Files</Filter>
    </ClInclude>
    <ClInclude Include="XbimFeaturedShape.h">
      <Filter>Header Files</Filter>
    </ClInclude>
    <ClInclude Include="XbimLocation.h">
      <Filter>Header Files</Filter>
    </ClInclude>
    <ClInclude Include="XbimBoundingBox.h">
      <Filter>Header Files</Filter>
    </ClInclude>
    <ClInclude Include="Stdafx.h">
      <Filter>Header Files</Filter>
    </ClInclude>
    <ClInclude Include="XbimFacetedShell.h">
      <Filter>Header Files</Filter>
    </ClInclude>
    <ClInclude Include="XbimMap.h">
      <Filter>Header Files</Filter>
    </ClInclude>
    <ClInclude Include="Version.h">
      <Filter>Header Files</Filter>
    </ClInclude>
    <ClInclude Include="XbimTriangularMeshStreamer.h">
      <Filter>Header Files</Filter>
    </ClInclude>
  </ItemGroup>
  <ItemGroup>
    <None Include="app.ico">
      <Filter>Resource Files</Filter>
    </None>
    <None Include="ModelGeoemetryClassDiagram.cd" />
    <None Include="ReadMe.txt" />
    <None Include="XbimGeomKey.snk" />
  </ItemGroup>
  <ItemGroup>
    <ResourceCompile Include="app.rc">
      <Filter>Resource Files</Filter>
    </ResourceCompile>
    <ResourceCompile Include="Version.rc">
      <Filter>Resource Files</Filter>
    </ResourceCompile>
  </ItemGroup>
</Project>